PODS:
  - Cosmos (11.0.3)

DEPENDENCIES:
  - Cosmos (from `https://github.com/evgenyneu/Cosmos.git`, branch `swift-4.0`)

EXTERNAL SOURCES:
  Cosmos:
    :branch: swift-4.0
    :git: https://github.com/evgenyneu/Cosmos.git

CHECKOUT OPTIONS:
  Cosmos:
    :commit: a2d864e02f94fa439387eaeb648cc17a7e5452c4
    :git: https://github.com/evgenyneu/Cosmos.git

SPEC CHECKSUMS:
  Cosmos: c7f103e2ddbd32d2959c00a39a97c696e688d00e

PODFILE CHECKSUM: 177ea5fc93990115be4d53858a8079d6d02fb7d6

COCOAPODS: 1.3.1
