// !$*UTF8*$!
{
	archiveVersion = 1;
	classes = {
	};
	objectVersion = 48;
	objects = {

/* Begin PBXBuildFile section */
		4774A053AC0C1D415ECB9ECB /* libPods-iShoddyTests.a in Frameworks */ = {isa = PBXBuildFile; fileRef = 3B2C6D28DFEE73C33F0459D3 /* libPods-iShoddyTests.a */; };
		4E74A300921E9A382BE547C8 /* libPods-iShoddy.a in Frameworks */ = {isa = PBXBuildFile; fileRef = 273201624DCCF866C543D2E2 /* libPods-iShoddy.a */; };
		5B06537E1F67289800D02252 /* background@2x.png in Resources */ = {isa = PBXBuildFile; fileRef = 5B06537D1F67289600D02252 /* background@2x.png */; };
		5B06537F1F67289A00D02252 /* background@3x.png in Resources */ = {isa = PBXBuildFile; fileRef = 5B06537C1F67289600D02252 /* background@3x.png */; };
		5B16BAD81F684E50004ACB7F /* GetImageFilesInteractor.swift in Sources */ = {isa = PBXBuildFile; fileRef = 5B16BAD71F684E50004ACB7F /* GetImageFilesInteractor.swift */; };
		5B2767931F65AD8100429DE3 /* Dialog.xib in Resources */ = {isa = PBXBuildFile; fileRef = 5B2767921F65AD8100429DE3 /* Dialog.xib */; };
		5B2767951F65ADCC00429DE3 /* Dialog.swift in Sources */ = {isa = PBXBuildFile; fileRef = 5B2767941F65ADCC00429DE3 /* Dialog.swift */; };
		5B350AA51F6546FC00B4DBEE /* NetworkManager.swift in Sources */ = {isa = PBXBuildFile; fileRef = 5B350AA41F6546FC00B4DBEE /* NetworkManager.swift */; };
		5B350AA71F654D0C00B4DBEE /* DomainUrl.swift in Sources */ = {isa = PBXBuildFile; fileRef = 5B350AA61F654D0C00B4DBEE /* DomainUrl.swift */; };
		5B3DE2CA1F67163C002CFFF3 /* EmptySegue.m in Sources */ = {isa = PBXBuildFile; fileRef = 5B3DE2C81F67163C002CFFF3 /* EmptySegue.m */; };
		5B3DE2CE1F671861002CFFF3 /* menu_button.png in Resources */ = {isa = PBXBuildFile; fileRef = 5B3DE2CC1F67185C002CFFF3 /* menu_button.png */; };
		5B3DE2CF1F671864002CFFF3 /* menu_button@2x.png in Resources */ = {isa = PBXBuildFile; fileRef = 5B3DE2CD1F67185C002CFFF3 /* menu_button@2x.png */; };
		5B3DE2D01F671866002CFFF3 /* menu_button@3x.png in Resources */ = {isa = PBXBuildFile; fileRef = 5B3DE2CB1F67185C002CFFF3 /* menu_button@3x.png */; };
		5B4FB3C51F63F7D2007EE813 /* ListCategoriesOutputType.swift in Sources */ = {isa = PBXBuildFile; fileRef = 5B4FB3C41F63F7D2007EE813 /* ListCategoriesOutputType.swift */; };
		5B4FB3C71F63F857007EE813 /* SubCategory.swift in Sources */ = {isa = PBXBuildFile; fileRef = 5B4FB3C61F63F857007EE813 /* SubCategory.swift */; };
		5B4FB3C91F640865007EE813 /* BaseModel.swift in Sources */ = {isa = PBXBuildFile; fileRef = 5B4FB3C81F640865007EE813 /* BaseModel.swift */; };
		5B4FB3CC1F640889007EE813 /* HeaderData.swift in Sources */ = {isa = PBXBuildFile; fileRef = 5B4FB3CB1F640889007EE813 /* HeaderData.swift */; };
		5B4FB3CE1F640896007EE813 /* Pagination.swift in Sources */ = {isa = PBXBuildFile; fileRef = 5B4FB3CD1F640896007EE813 /* Pagination.swift */; };
		5B4FB3D01F6408C3007EE813 /* ErrorData.swift in Sources */ = {isa = PBXBuildFile; fileRef = 5B4FB3CF1F6408C3007EE813 /* ErrorData.swift */; };
		5B4FB3D21F640A6A007EE813 /* ListCategoriesResponseType.swift in Sources */ = {isa = PBXBuildFile; fileRef = 5B4FB3D11F640A6A007EE813 /* ListCategoriesResponseType.swift */; };
		5B6775A31F6D939B007A411E /* iShoddyModel.xcdatamodeld in Sources */ = {isa = PBXBuildFile; fileRef = 5B6775A11F6D939B007A411E /* iShoddyModel.xcdatamodeld */; };
		5B756A821F6D07BB0039ABA2 /* CoreDataManager.swift in Sources */ = {isa = PBXBuildFile; fileRef = 5B756A811F6D07BB0039ABA2 /* CoreDataManager.swift */; };
		5B85EF581F6D39B10044AE89 /* GetAllCategoriesInteractorCoreDataImpl.swift in Sources */ = {isa = PBXBuildFile; fileRef = 5B85EF571F6D39B10044AE89 /* GetAllCategoriesInteractorCoreDataImpl.swift */; };
		5B85EF5A1F6D3AA10044AE89 /* GetAllCategoriesCoreDataManagerImpl.swift in Sources */ = {isa = PBXBuildFile; fileRef = 5B85EF591F6D3AA10044AE89 /* GetAllCategoriesCoreDataManagerImpl.swift */; };
		5B85EF5C1F6D8B2C0044AE89 /* CheckCacheInteractor.swift in Sources */ = {isa = PBXBuildFile; fileRef = 5B85EF5B1F6D8B2C0044AE89 /* CheckCacheInteractor.swift */; };
		5B85EF5E1F6D8B5B0044AE89 /* CheckCacheFakeInteractorImpl.swift in Sources */ = {isa = PBXBuildFile; fileRef = 5B85EF5D1F6D8B5B0044AE89 /* CheckCacheFakeInteractorImpl.swift */; };
		5BA56AE51F61C12000F837EB /* GetAllCategoriesInteractor.swift in Sources */ = {isa = PBXBuildFile; fileRef = 5BA56AE41F61C12000F837EB /* GetAllCategoriesInteractor.swift */; };
		5BA56AE71F61C17300F837EB /* GetAllCategoriesInteractorImpl.swift in Sources */ = {isa = PBXBuildFile; fileRef = 5BA56AE61F61C17300F837EB /* GetAllCategoriesInteractorImpl.swift */; };
		5BA56AEA1F61C27000F837EB /* Category.swift in Sources */ = {isa = PBXBuildFile; fileRef = 5BA56AE91F61C27000F837EB /* Category.swift */; };
		5BA56AEC1F61C61400F837EB /* GetAllCategoriesNetworkManagerImpl.swift in Sources */ = {isa = PBXBuildFile; fileRef = 5BA56AEB1F61C61400F837EB /* GetAllCategoriesNetworkManagerImpl.swift */; };
		5BA56AEE1F61CE5B00F837EB /* GetAllCategoriesManager.swift in Sources */ = {isa = PBXBuildFile; fileRef = 5BA56AED1F61CE5B00F837EB /* GetAllCategoriesManager.swift */; };
		5BB031AE1F606BCE0006257B /* CategoryViewController.swift in Sources */ = {isa = PBXBuildFile; fileRef = 5BB031AD1F606BCE0006257B /* CategoryViewController.swift */; };
		5BB031B11F606F090006257B /* CategoryCell.swift in Sources */ = {isa = PBXBuildFile; fileRef = 5BB031B01F606F090006257B /* CategoryCell.swift */; };
		5BB031B61F607A9A0006257B /* photo_item1.png in Resources */ = {isa = PBXBuildFile; fileRef = 5BB031B41F6075AF0006257B /* photo_item1.png */; };
		5BB031B71F607A9C0006257B /* photo_item1@2x.png in Resources */ = {isa = PBXBuildFile; fileRef = 5BB031B31F6075AF0006257B /* photo_item1@2x.png */; };
		5BB031B81F607A9F0006257B /* photo_item1@3x.png in Resources */ = {isa = PBXBuildFile; fileRef = 5BB031B51F6075AF0006257B /* photo_item1@3x.png */; };
		5BB031B91F607BA70006257B /* electrician.png in Resources */ = {isa = PBXBuildFile; fileRef = 5BB031B21F6075710006257B /* electrician.png */; };
		5BFE00D71F686FBE00551609 /* GetFileFromServerManager.swift in Sources */ = {isa = PBXBuildFile; fileRef = 5BFE00D61F686FBE00551609 /* GetFileFromServerManager.swift */; };
		5BFE52571F6D0E4200AD706F /* ManagedObject.swift in Sources */ = {isa = PBXBuildFile; fileRef = 5BFE52561F6D0E4200AD706F /* ManagedObject.swift */; };
		5BFE52591F6D0EC400AD706F /* NSManagedObjectContext.swift in Sources */ = {isa = PBXBuildFile; fileRef = 5BFE52581F6D0EC400AD706F /* NSManagedObjectContext.swift */; };
		5BFE525B1F6D104400AD706F /* ManagedObjectType.swift in Sources */ = {isa = PBXBuildFile; fileRef = 5BFE525A1F6D104400AD706F /* ManagedObjectType.swift */; };
		5BFE525D1F6D174100AD706F /* CategoryData+ManagedObjectType.swift in Sources */ = {isa = PBXBuildFile; fileRef = 5BFE525C1F6D174100AD706F /* CategoryData+ManagedObjectType.swift */; };
		5BFE525F1F6D175000AD706F /* SubCategoryData+ManagedObjectType.swift in Sources */ = {isa = PBXBuildFile; fileRef = 5BFE525E1F6D175000AD706F /* SubCategoryData+ManagedObjectType.swift */; };
		5BFE52611F6D1A0400AD706F /* SaveCategoriesInteractorImpl.swift in Sources */ = {isa = PBXBuildFile; fileRef = 5BFE52601F6D1A0400AD706F /* SaveCategoriesInteractorImpl.swift */; };
		5BFE52631F6D1A2000AD706F /* PersistCategoriesCoreDataImpl.swift in Sources */ = {isa = PBXBuildFile; fileRef = 5BFE52621F6D1A2000AD706F /* PersistCategoriesCoreDataImpl.swift */; };
		5BFE52651F6D1C6500AD706F /* PersistCategoriesCoreData.swift in Sources */ = {isa = PBXBuildFile; fileRef = 5BFE52641F6D1C6500AD706F /* PersistCategoriesCoreData.swift */; };
		5BFE52671F6D1CDA00AD706F /* SaveCategoriesInteractor.swift in Sources */ = {isa = PBXBuildFile; fileRef = 5BFE52661F6D1CDA00AD706F /* SaveCategoriesInteractor.swift */; };
		5BFE52691F6D302100AD706F /* UIViewController+Utils.swift in Sources */ = {isa = PBXBuildFile; fileRef = 5BFE52681F6D302100AD706F /* UIViewController+Utils.swift */; };
		88B316DE1F2CB2F3009426C8 /* AppDelegate.swift in Sources */ = {isa = PBXBuildFile; fileRef = 88B316DD1F2CB2F3009426C8 /* AppDelegate.swift */; };
		88B316E01F2CB2F3009426C8 /* ViewController.swift in Sources */ = {isa = PBXBuildFile; fileRef = 88B316DF1F2CB2F3009426C8 /* ViewController.swift */; };
		88B316E31F2CB2F3009426C8 /* Main.storyboard in Resources */ = {isa = PBXBuildFile; fileRef = 88B316E11F2CB2F3009426C8 /* Main.storyboard */; };
		88B316E51F2CB2F3009426C8 /* Assets.xcassets in Resources */ = {isa = PBXBuildFile; fileRef = 88B316E41F2CB2F3009426C8 /* Assets.xcassets */; };
		88B316E81F2CB2F3009426C8 /* LaunchScreen.storyboard in Resources */ = {isa = PBXBuildFile; fileRef = 88B316E61F2CB2F3009426C8 /* LaunchScreen.storyboard */; };
		88B316F31F2CB2F3009426C8 /* iShoddyTests.swift in Sources */ = {isa = PBXBuildFile; fileRef = 88B316F21F2CB2F3009426C8 /* iShoddyTests.swift */; };
/* End PBXBuildFile section */

/* Begin PBXContainerItemProxy section */
		88B316EF1F2CB2F3009426C8 /* PBXContainerItemProxy */ = {
			isa = PBXContainerItemProxy;
			containerPortal = 88B316D21F2CB2F3009426C8 /* Project object */;
			proxyType = 1;
			remoteGlobalIDString = 88B316D91F2CB2F3009426C8;
			remoteInfo = iShoddy;
		};
/* End PBXContainerItemProxy section */

/* Begin PBXFileReference section */
		273201624DCCF866C543D2E2 /* libPods-iShoddy.a */ = {isa = PBXFileReference; explicitFileType = archive.ar; includeInIndex = 0; path = "libPods-iShoddy.a"; sourceTree = BUILT_PRODUCTS_DIR; };
		31FAC1654563990A36772599 /* Pods-iShoddy.debug.xcconfig */ = {isa = PBXFileReference; includeInIndex = 1; lastKnownFileType = text.xcconfig; name = "Pods-iShoddy.debug.xcconfig"; path = "Pods/Target Support Files/Pods-iShoddy/Pods-iShoddy.debug.xcconfig"; sourceTree = "<group>"; };
		3B2C6D28DFEE73C33F0459D3 /* libPods-iShoddyTests.a */ = {isa = PBXFileReference; explicitFileType = archive.ar; includeInIndex = 0; path = "libPods-iShoddyTests.a"; sourceTree = BUILT_PRODUCTS_DIR; };
		4E11AA31340BE83E5303D74A /* Pods-iShoddyTests.release.xcconfig */ = {isa = PBXFileReference; includeInIndex = 1; lastKnownFileType = text.xcconfig; name = "Pods-iShoddyTests.release.xcconfig"; path = "Pods/Target Support Files/Pods-iShoddyTests/Pods-iShoddyTests.release.xcconfig"; sourceTree = "<group>"; };
		5B06537C1F67289600D02252 /* background@3x.png */ = {isa = PBXFileReference; lastKnownFileType = image.png; path = "background@3x.png"; sourceTree = "<group>"; };
		5B06537D1F67289600D02252 /* background@2x.png */ = {isa = PBXFileReference; lastKnownFileType = image.png; path = "background@2x.png"; sourceTree = "<group>"; };
		5B16BAD71F684E50004ACB7F /* GetImageFilesInteractor.swift */ = {isa = PBXFileReference; lastKnownFileType = sourcecode.swift; path = GetImageFilesInteractor.swift; sourceTree = "<group>"; };
		5B2767921F65AD8100429DE3 /* Dialog.xib */ = {isa = PBXFileReference; lastKnownFileType = file.xib; path = Dialog.xib; sourceTree = "<group>"; };
		5B2767941F65ADCC00429DE3 /* Dialog.swift */ = {isa = PBXFileReference; lastKnownFileType = sourcecode.swift; path = Dialog.swift; sourceTree = "<group>"; };
		5B350AA41F6546FC00B4DBEE /* NetworkManager.swift */ = {isa = PBXFileReference; lastKnownFileType = sourcecode.swift; path = NetworkManager.swift; sourceTree = "<group>"; };
		5B350AA61F654D0C00B4DBEE /* DomainUrl.swift */ = {isa = PBXFileReference; lastKnownFileType = sourcecode.swift; path = DomainUrl.swift; sourceTree = "<group>"; };
		5B3DE2C71F67163C002CFFF3 /* iShoddy-Bridging-Header.h */ = {isa = PBXFileReference; lastKnownFileType = sourcecode.c.h; path = "iShoddy-Bridging-Header.h"; sourceTree = "<group>"; };
		5B3DE2C81F67163C002CFFF3 /* EmptySegue.m */ = {isa = PBXFileReference; lastKnownFileType = sourcecode.c.objc; path = EmptySegue.m; sourceTree = "<group>"; };
		5B3DE2C91F67163C002CFFF3 /* EmptySegue.h */ = {isa = PBXFileReference; lastKnownFileType = sourcecode.c.h; path = EmptySegue.h; sourceTree = "<group>"; };
		5B3DE2CB1F67185C002CFFF3 /* menu_button@3x.png */ = {isa = PBXFileReference; lastKnownFileType = image.png; path = "menu_button@3x.png"; sourceTree = "<group>"; };
		5B3DE2CC1F67185C002CFFF3 /* menu_button.png */ = {isa = PBXFileReference; lastKnownFileType = image.png; path = menu_button.png; sourceTree = "<group>"; };
		5B3DE2CD1F67185C002CFFF3 /* menu_button@2x.png */ = {isa = PBXFileReference; lastKnownFileType = image.png; path = "menu_button@2x.png"; sourceTree = "<group>"; };
		5B4FB3C41F63F7D2007EE813 /* ListCategoriesOutputType.swift */ = {isa = PBXFileReference; lastKnownFileType = sourcecode.swift; path = ListCategoriesOutputType.swift; sourceTree = "<group>"; };
		5B4FB3C61F63F857007EE813 /* SubCategory.swift */ = {isa = PBXFileReference; lastKnownFileType = sourcecode.swift; path = SubCategory.swift; sourceTree = "<group>"; };
		5B4FB3C81F640865007EE813 /* BaseModel.swift */ = {isa = PBXFileReference; lastKnownFileType = sourcecode.swift; path = BaseModel.swift; sourceTree = "<group>"; };
		5B4FB3CB1F640889007EE813 /* HeaderData.swift */ = {isa = PBXFileReference; lastKnownFileType = sourcecode.swift; path = HeaderData.swift; sourceTree = "<group>"; };
		5B4FB3CD1F640896007EE813 /* Pagination.swift */ = {isa = PBXFileReference; lastKnownFileType = sourcecode.swift; path = Pagination.swift; sourceTree = "<group>"; };
		5B4FB3CF1F6408C3007EE813 /* ErrorData.swift */ = {isa = PBXFileReference; lastKnownFileType = sourcecode.swift; path = ErrorData.swift; sourceTree = "<group>"; };
		5B4FB3D11F640A6A007EE813 /* ListCategoriesResponseType.swift */ = {isa = PBXFileReference; lastKnownFileType = sourcecode.swift; path = ListCategoriesResponseType.swift; sourceTree = "<group>"; };
		5B6775A21F6D939B007A411E /* iShoddyModel.xcdatamodel */ = {isa = PBXFileReference; lastKnownFileType = wrapper.xcdatamodel; path = iShoddyModel.xcdatamodel; sourceTree = "<group>"; };
		5B756A7B1F6C51D50039ABA2 /* empty.png */ = {isa = PBXFileReference; lastKnownFileType = image.png; path = empty.png; sourceTree = "<group>"; };
		5B756A811F6D07BB0039ABA2 /* CoreDataManager.swift */ = {isa = PBXFileReference; lastKnownFileType = sourcecode.swift; path = CoreDataManager.swift; sourceTree = "<group>"; };
		5B85EF571F6D39B10044AE89 /* GetAllCategoriesInteractorCoreDataImpl.swift */ = {isa = PBXFileReference; lastKnownFileType = sourcecode.swift; path = GetAllCategoriesInteractorCoreDataImpl.swift; sourceTree = "<group>"; };
		5B85EF591F6D3AA10044AE89 /* GetAllCategoriesCoreDataManagerImpl.swift */ = {isa = PBXFileReference; lastKnownFileType = sourcecode.swift; path = GetAllCategoriesCoreDataManagerImpl.swift; sourceTree = "<group>"; };
		5B85EF5B1F6D8B2C0044AE89 /* CheckCacheInteractor.swift */ = {isa = PBXFileReference; lastKnownFileType = sourcecode.swift; path = CheckCacheInteractor.swift; sourceTree = "<group>"; };
		5B85EF5D1F6D8B5B0044AE89 /* CheckCacheFakeInteractorImpl.swift */ = {isa = PBXFileReference; lastKnownFileType = sourcecode.swift; path = CheckCacheFakeInteractorImpl.swift; sourceTree = "<group>"; };
		5BA56AE41F61C12000F837EB /* GetAllCategoriesInteractor.swift */ = {isa = PBXFileReference; lastKnownFileType = sourcecode.swift; path = GetAllCategoriesInteractor.swift; sourceTree = "<group>"; };
		5BA56AE61F61C17300F837EB /* GetAllCategoriesInteractorImpl.swift */ = {isa = PBXFileReference; lastKnownFileType = sourcecode.swift; path = GetAllCategoriesInteractorImpl.swift; sourceTree = "<group>"; };
		5BA56AE91F61C27000F837EB /* Category.swift */ = {isa = PBXFileReference; lastKnownFileType = sourcecode.swift; path = Category.swift; sourceTree = "<group>"; };
		5BA56AEB1F61C61400F837EB /* GetAllCategoriesNetworkManagerImpl.swift */ = {isa = PBXFileReference; lastKnownFileType = sourcecode.swift; path = GetAllCategoriesNetworkManagerImpl.swift; sourceTree = "<group>"; };
		5BA56AED1F61CE5B00F837EB /* GetAllCategoriesManager.swift */ = {isa = PBXFileReference; lastKnownFileType = sourcecode.swift; path = GetAllCategoriesManager.swift; sourceTree = "<group>"; };
		5BB031AD1F606BCE0006257B /* CategoryViewController.swift */ = {isa = PBXFileReference; lastKnownFileType = sourcecode.swift; path = CategoryViewController.swift; sourceTree = "<group>"; };
		5BB031B01F606F090006257B /* CategoryCell.swift */ = {isa = PBXFileReference; lastKnownFileType = sourcecode.swift; path = CategoryCell.swift; sourceTree = "<group>"; };
		5BB031B21F6075710006257B /* electrician.png */ = {isa = PBXFileReference; lastKnownFileType = image.png; path = electrician.png; sourceTree = "<group>"; };
		5BB031B31F6075AF0006257B /* photo_item1@2x.png */ = {isa = PBXFileReference; lastKnownFileType = image.png; path = "photo_item1@2x.png"; sourceTree = "<group>"; };
		5BB031B41F6075AF0006257B /* photo_item1.png */ = {isa = PBXFileReference; lastKnownFileType = image.png; path = photo_item1.png; sourceTree = "<group>"; };
		5BB031B51F6075AF0006257B /* photo_item1@3x.png */ = {isa = PBXFileReference; lastKnownFileType = image.png; path = "photo_item1@3x.png"; sourceTree = "<group>"; };
		5BFE00D61F686FBE00551609 /* GetFileFromServerManager.swift */ = {isa = PBXFileReference; lastKnownFileType = sourcecode.swift; path = GetFileFromServerManager.swift; sourceTree = "<group>"; };
		5BFE52561F6D0E4200AD706F /* ManagedObject.swift */ = {isa = PBXFileReference; lastKnownFileType = sourcecode.swift; path = ManagedObject.swift; sourceTree = "<group>"; };
		5BFE52581F6D0EC400AD706F /* NSManagedObjectContext.swift */ = {isa = PBXFileReference; lastKnownFileType = sourcecode.swift; path = NSManagedObjectContext.swift; sourceTree = "<group>"; };
		5BFE525A1F6D104400AD706F /* ManagedObjectType.swift */ = {isa = PBXFileReference; lastKnownFileType = sourcecode.swift; path = ManagedObjectType.swift; sourceTree = "<group>"; };
		5BFE525C1F6D174100AD706F /* CategoryData+ManagedObjectType.swift */ = {isa = PBXFileReference; lastKnownFileType = sourcecode.swift; path = "CategoryData+ManagedObjectType.swift"; sourceTree = "<group>"; };
		5BFE525E1F6D175000AD706F /* SubCategoryData+ManagedObjectType.swift */ = {isa = PBXFileReference; lastKnownFileType = sourcecode.swift; path = "SubCategoryData+ManagedObjectType.swift"; sourceTree = "<group>"; };
		5BFE52601F6D1A0400AD706F /* SaveCategoriesInteractorImpl.swift */ = {isa = PBXFileReference; lastKnownFileType = sourcecode.swift; path = SaveCategoriesInteractorImpl.swift; sourceTree = "<group>"; };
		5BFE52621F6D1A2000AD706F /* PersistCategoriesCoreDataImpl.swift */ = {isa = PBXFileReference; lastKnownFileType = sourcecode.swift; path = PersistCategoriesCoreDataImpl.swift; sourceTree = "<group>"; };
		5BFE52641F6D1C6500AD706F /* PersistCategoriesCoreData.swift */ = {isa = PBXFileReference; lastKnownFileType = sourcecode.swift; path = PersistCategoriesCoreData.swift; sourceTree = "<group>"; };
		5BFE52661F6D1CDA00AD706F /* SaveCategoriesInteractor.swift */ = {isa = PBXFileReference; lastKnownFileType = sourcecode.swift; path = SaveCategoriesInteractor.swift; sourceTree = "<group>"; };
		5BFE52681F6D302100AD706F /* UIViewController+Utils.swift */ = {isa = PBXFileReference; lastKnownFileType = sourcecode.swift; path = "UIViewController+Utils.swift"; sourceTree = "<group>"; };
		88B316DA1F2CB2F3009426C8 /* iShoddy.app */ = {isa = PBXFileReference; explicitFileType = wrapper.application; includeInIndex = 0; path = iShoddy.app; sourceTree = BUILT_PRODUCTS_DIR; };
		88B316DD1F2CB2F3009426C8 /* AppDelegate.swift */ = {isa = PBXFileReference; lastKnownFileType = sourcecode.swift; path = AppDelegate.swift; sourceTree = "<group>"; };
		88B316DF1F2CB2F3009426C8 /* ViewController.swift */ = {isa = PBXFileReference; lastKnownFileType = sourcecode.swift; path = ViewController.swift; sourceTree = "<group>"; };
		88B316E21F2CB2F3009426C8 /* Base */ = {isa = PBXFileReference; lastKnownFileType = file.storyboard; name = Base; path = Base.lproj/Main.storyboard; sourceTree = "<group>"; };
		88B316E41F2CB2F3009426C8 /* Assets.xcassets */ = {isa = PBXFileReference; lastKnownFileType = folder.assetcatalog; path = Assets.xcassets; sourceTree = "<group>"; };
		88B316E71F2CB2F3009426C8 /* Base */ = {isa = PBXFileReference; lastKnownFileType = file.storyboard; name = Base; path = Base.lproj/LaunchScreen.storyboard; sourceTree = "<group>"; };
		88B316E91F2CB2F3009426C8 /* Info.plist */ = {isa = PBXFileReference; lastKnownFileType = text.plist.xml; path = Info.plist; sourceTree = "<group>"; };
		88B316EE1F2CB2F3009426C8 /* iShoddyTests.xctest */ = {isa = PBXFileReference; explicitFileType = wrapper.cfbundle; includeInIndex = 0; path = iShoddyTests.xctest; sourceTree = BUILT_PRODUCTS_DIR; };
		88B316F21F2CB2F3009426C8 /* iShoddyTests.swift */ = {isa = PBXFileReference; lastKnownFileType = sourcecode.swift; path = iShoddyTests.swift; sourceTree = "<group>"; };
		88B316F41F2CB2F3009426C8 /* Info.plist */ = {isa = PBXFileReference; lastKnownFileType = text.plist.xml; path = Info.plist; sourceTree = "<group>"; };
		A0E813170B0E4BFC960CAD46 /* Pods-iShoddyTests.debug.xcconfig */ = {isa = PBXFileReference; includeInIndex = 1; lastKnownFileType = text.xcconfig; name = "Pods-iShoddyTests.debug.xcconfig"; path = "Pods/Target Support Files/Pods-iShoddyTests/Pods-iShoddyTests.debug.xcconfig"; sourceTree = "<group>"; };
		FB2B35570C0EB7BA48BC8A80 /* Pods-iShoddy.release.xcconfig */ = {isa = PBXFileReference; includeInIndex = 1; lastKnownFileType = text.xcconfig; name = "Pods-iShoddy.release.xcconfig"; path = "Pods/Target Support Files/Pods-iShoddy/Pods-iShoddy.release.xcconfig"; sourceTree = "<group>"; };
/* End PBXFileReference section */

/* Begin PBXFrameworksBuildPhase section */
		88B316D71F2CB2F3009426C8 /* Frameworks */ = {
			isa = PBXFrameworksBuildPhase;
			buildActionMask = 2147483647;
			files = (
				4E74A300921E9A382BE547C8 /* libPods-iShoddy.a in Frameworks */,
			);
			runOnlyForDeploymentPostprocessing = 0;
		};
		88B316EB1F2CB2F3009426C8 /* Frameworks */ = {
			isa = PBXFrameworksBuildPhase;
			buildActionMask = 2147483647;
			files = (
				4774A053AC0C1D415ECB9ECB /* libPods-iShoddyTests.a in Frameworks */,
			);
			runOnlyForDeploymentPostprocessing = 0;
		};
/* End PBXFrameworksBuildPhase section */

/* Begin PBXGroup section */
		5B4FB3CA1F64087B007EE813 /* Common */ = {
			isa = PBXGroup;
			children = (
				5B4FB3CB1F640889007EE813 /* HeaderData.swift */,
				5B4FB3CD1F640896007EE813 /* Pagination.swift */,
				5B4FB3CF1F6408C3007EE813 /* ErrorData.swift */,
				5B350AA61F654D0C00B4DBEE /* DomainUrl.swift */,
				5BFE52681F6D302100AD706F /* UIViewController+Utils.swift */,
			);
			path = Common;
			sourceTree = "<group>";
		};
		5BA56AE11F61B4AB00F837EB /* Managers */ = {
			isa = PBXGroup;
			children = (
				5BA56AED1F61CE5B00F837EB /* GetAllCategoriesManager.swift */,
				5BA56AEB1F61C61400F837EB /* GetAllCategoriesNetworkManagerImpl.swift */,
				5B85EF591F6D3AA10044AE89 /* GetAllCategoriesCoreDataManagerImpl.swift */,
				5BFE00D61F686FBE00551609 /* GetFileFromServerManager.swift */,
				5B350AA41F6546FC00B4DBEE /* NetworkManager.swift */,
				5B756A811F6D07BB0039ABA2 /* CoreDataManager.swift */,
				5BFE52641F6D1C6500AD706F /* PersistCategoriesCoreData.swift */,
				5BFE52621F6D1A2000AD706F /* PersistCategoriesCoreDataImpl.swift */,
			);
			path = Managers;
			sourceTree = "<group>";
		};
		5BA56AE21F61B4B200F837EB /* Interactors */ = {
			isa = PBXGroup;
			children = (
				5BA56AE31F61C05700F837EB /* Check Cache */,
				5BA56AE41F61C12000F837EB /* GetAllCategoriesInteractor.swift */,
				5BA56AE61F61C17300F837EB /* GetAllCategoriesInteractorImpl.swift */,
				5B85EF571F6D39B10044AE89 /* GetAllCategoriesInteractorCoreDataImpl.swift */,
				5B16BAD71F684E50004ACB7F /* GetImageFilesInteractor.swift */,
				5BFE52661F6D1CDA00AD706F /* SaveCategoriesInteractor.swift */,
				5BFE52601F6D1A0400AD706F /* SaveCategoriesInteractorImpl.swift */,
			);
			path = Interactors;
			sourceTree = "<group>";
		};
		5BA56AE31F61C05700F837EB /* Check Cache */ = {
			isa = PBXGroup;
			children = (
				5B85EF5B1F6D8B2C0044AE89 /* CheckCacheInteractor.swift */,
				5B85EF5D1F6D8B5B0044AE89 /* CheckCacheFakeInteractorImpl.swift */,
			);
			path = "Check Cache";
			sourceTree = "<group>";
		};
		5BA56AE81F61C1C900F837EB /* Model */ = {
			isa = PBXGroup;
			children = (
				5B4FB3CA1F64087B007EE813 /* Common */,
				5BA56AE91F61C27000F837EB /* Category.swift */,
				5B4FB3C61F63F857007EE813 /* SubCategory.swift */,
				5B4FB3C41F63F7D2007EE813 /* ListCategoriesOutputType.swift */,
				5B4FB3D11F640A6A007EE813 /* ListCategoriesResponseType.swift */,
				5B4FB3C81F640865007EE813 /* BaseModel.swift */,
			);
			path = Model;
			sourceTree = "<group>";
		};
		5BB031A91F6060290006257B /* Resources */ = {
			isa = PBXGroup;
			children = (
				5B756A7B1F6C51D50039ABA2 /* empty.png */,
				5B06537D1F67289600D02252 /* background@2x.png */,
				5B06537C1F67289600D02252 /* background@3x.png */,
				5B3DE2CC1F67185C002CFFF3 /* menu_button.png */,
				5B3DE2CD1F67185C002CFFF3 /* menu_button@2x.png */,
				5B3DE2CB1F67185C002CFFF3 /* menu_button@3x.png */,
				5BB031B41F6075AF0006257B /* photo_item1.png */,
				5BB031B31F6075AF0006257B /* photo_item1@2x.png */,
				5BB031B51F6075AF0006257B /* photo_item1@3x.png */,
				5BB031B21F6075710006257B /* electrician.png */,
			);
			path = Resources;
			sourceTree = "<group>";
		};
		5BB031AC1F6062DF0006257B /* Controllers */ = {
			isa = PBXGroup;
			children = (
				5BB031AD1F606BCE0006257B /* CategoryViewController.swift */,
			);
			path = Controllers;
			sourceTree = "<group>";
		};
		5BB031AF1F606E090006257B /* Controls */ = {
			isa = PBXGroup;
			children = (
				5B3DE2C91F67163C002CFFF3 /* EmptySegue.h */,
				5B3DE2C81F67163C002CFFF3 /* EmptySegue.m */,
				5BB031B01F606F090006257B /* CategoryCell.swift */,
				5B2767921F65AD8100429DE3 /* Dialog.xib */,
				5B2767941F65ADCC00429DE3 /* Dialog.swift */,
				5B3DE2C71F67163C002CFFF3 /* iShoddy-Bridging-Header.h */,
			);
			path = Controls;
			sourceTree = "<group>";
		};
		5BFE52551F6D0B3300AD706F /* Core Data Stack */ = {
			isa = PBXGroup;
			children = (
				5BFE52561F6D0E4200AD706F /* ManagedObject.swift */,
				5BFE52581F6D0EC400AD706F /* NSManagedObjectContext.swift */,
				5BFE525A1F6D104400AD706F /* ManagedObjectType.swift */,
				5BFE525C1F6D174100AD706F /* CategoryData+ManagedObjectType.swift */,
				5BFE525E1F6D175000AD706F /* SubCategoryData+ManagedObjectType.swift */,
				5B6775A11F6D939B007A411E /* iShoddyModel.xcdatamodeld */,
			);
			path = "Core Data Stack";
			sourceTree = "<group>";
		};
		78028BD8703732723C271906 /* Frameworks */ = {
			isa = PBXGroup;
			children = (
				273201624DCCF866C543D2E2 /* libPods-iShoddy.a */,
				3B2C6D28DFEE73C33F0459D3 /* libPods-iShoddyTests.a */,
			);
			name = Frameworks;
			sourceTree = "<group>";
		};
		88B316D11F2CB2F3009426C8 = {
			isa = PBXGroup;
			children = (
				88B316DC1F2CB2F3009426C8 /* iShoddy */,
				88B316F11F2CB2F3009426C8 /* iShoddyTests */,
				88B316DB1F2CB2F3009426C8 /* Products */,
				C3AB2EF7A8871284FAAF1A58 /* Pods */,
				78028BD8703732723C271906 /* Frameworks */,
			);
			sourceTree = "<group>";
		};
		88B316DB1F2CB2F3009426C8 /* Products */ = {
			isa = PBXGroup;
			children = (
				88B316DA1F2CB2F3009426C8 /* iShoddy.app */,
				88B316EE1F2CB2F3009426C8 /* iShoddyTests.xctest */,
			);
			name = Products;
			sourceTree = "<group>";
		};
		88B316DC1F2CB2F3009426C8 /* iShoddy */ = {
			isa = PBXGroup;
			children = (
				5BFE52551F6D0B3300AD706F /* Core Data Stack */,
				5BA56AE81F61C1C900F837EB /* Model */,
				5BA56AE21F61B4B200F837EB /* Interactors */,
				5BA56AE11F61B4AB00F837EB /* Managers */,
				5BB031AF1F606E090006257B /* Controls */,
				5BB031AC1F6062DF0006257B /* Controllers */,
				5BB031A91F6060290006257B /* Resources */,
				88B316DD1F2CB2F3009426C8 /* AppDelegate.swift */,
				88B316DF1F2CB2F3009426C8 /* ViewController.swift */,
				88B316E11F2CB2F3009426C8 /* Main.storyboard */,
				88B316E41F2CB2F3009426C8 /* Assets.xcassets */,
				88B316E61F2CB2F3009426C8 /* LaunchScreen.storyboard */,
				88B316E91F2CB2F3009426C8 /* Info.plist */,
			);
			path = iShoddy;
			sourceTree = "<group>";
		};
		88B316F11F2CB2F3009426C8 /* iShoddyTests */ = {
			isa = PBXGroup;
			children = (
				88B316F21F2CB2F3009426C8 /* iShoddyTests.swift */,
				88B316F41F2CB2F3009426C8 /* Info.plist */,
			);
			path = iShoddyTests;
			sourceTree = "<group>";
		};
		C3AB2EF7A8871284FAAF1A58 /* Pods */ = {
			isa = PBXGroup;
			children = (
				31FAC1654563990A36772599 /* Pods-iShoddy.debug.xcconfig */,
				FB2B35570C0EB7BA48BC8A80 /* Pods-iShoddy.release.xcconfig */,
				A0E813170B0E4BFC960CAD46 /* Pods-iShoddyTests.debug.xcconfig */,
				4E11AA31340BE83E5303D74A /* Pods-iShoddyTests.release.xcconfig */,
			);
			name = Pods;
			sourceTree = "<group>";
		};
/* End PBXGroup section */

/* Begin PBXNativeTarget section */
		88B316D91F2CB2F3009426C8 /* iShoddy */ = {
			isa = PBXNativeTarget;
			buildConfigurationList = 88B316F71F2CB2F3009426C8 /* Build configuration list for PBXNativeTarget "iShoddy" */;
			buildPhases = (
				406EB2F7AAEE787AF021F15C /* [CP] Check Pods Manifest.lock */,
				88B316D61F2CB2F3009426C8 /* Sources */,
				88B316D71F2CB2F3009426C8 /* Frameworks */,
				88B316D81F2CB2F3009426C8 /* Resources */,
				676A6153C6451D2845D5BA12 /* [CP] Embed Pods Frameworks */,
				9E40D6C868CD1E147CB6BB83 /* [CP] Copy Pods Resources */,
			);
			buildRules = (
			);
			dependencies = (
			);
			name = iShoddy;
			productName = iShoddy;
			productReference = 88B316DA1F2CB2F3009426C8 /* iShoddy.app */;
			productType = "com.apple.product-type.application";
		};
		88B316ED1F2CB2F3009426C8 /* iShoddyTests */ = {
			isa = PBXNativeTarget;
			buildConfigurationList = 88B316FA1F2CB2F3009426C8 /* Build configuration list for PBXNativeTarget "iShoddyTests" */;
			buildPhases = (
				85E4F542978EDB511D5E7FFD /* [CP] Check Pods Manifest.lock */,
				88B316EA1F2CB2F3009426C8 /* Sources */,
				88B316EB1F2CB2F3009426C8 /* Frameworks */,
				88B316EC1F2CB2F3009426C8 /* Resources */,
				50C3A0E9E00508411ED0B8F3 /* [CP] Embed Pods Frameworks */,
				EBF41C87307C0DA2B59DBE5C /* [CP] Copy Pods Resources */,
			);
			buildRules = (
			);
			dependencies = (
				88B316F01F2CB2F3009426C8 /* PBXTargetDependency */,
			);
			name = iShoddyTests;
			productName = iShoddyTests;
			productReference = 88B316EE1F2CB2F3009426C8 /* iShoddyTests.xctest */;
			productType = "com.apple.product-type.bundle.unit-test";
		};
/* End PBXNativeTarget section */

/* Begin PBXProject section */
		88B316D21F2CB2F3009426C8 /* Project object */ = {
			isa = PBXProject;
			attributes = {
				LastSwiftUpdateCheck = 0900;
				LastUpgradeCheck = 0900;
				ORGANIZATIONNAME = ESoft;
				TargetAttributes = {
					88B316D91F2CB2F3009426C8 = {
						CreatedOnToolsVersion = 9.0;
						LastSwiftMigration = 0900;
					};
					88B316ED1F2CB2F3009426C8 = {
						CreatedOnToolsVersion = 9.0;
						TestTargetID = 88B316D91F2CB2F3009426C8;
					};
				};
			};
			buildConfigurationList = 88B316D51F2CB2F3009426C8 /* Build configuration list for PBXProject "iShoddy" */;
			compatibilityVersion = "Xcode 8.0";
			developmentRegion = en;
			hasScannedForEncodings = 0;
			knownRegions = (
				en,
				Base,
			);
			mainGroup = 88B316D11F2CB2F3009426C8;
			productRefGroup = 88B316DB1F2CB2F3009426C8 /* Products */;
			projectDirPath = "";
			projectRoot = "";
			targets = (
				88B316D91F2CB2F3009426C8 /* iShoddy */,
				88B316ED1F2CB2F3009426C8 /* iShoddyTests */,
			);
		};
/* End PBXProject section */

/* Begin PBXResourcesBuildPhase section */
		88B316D81F2CB2F3009426C8 /* Resources */ = {
			isa = PBXResourcesBuildPhase;
			buildActionMask = 2147483647;
			files = (
				88B316E81F2CB2F3009426C8 /* LaunchScreen.storyboard in Resources */,
				5B3DE2CF1F671864002CFFF3 /* menu_button@2x.png in Resources */,
				5B06537F1F67289A00D02252 /* background@3x.png in Resources */,
				88B316E51F2CB2F3009426C8 /* Assets.xcassets in Resources */,
				88B316E31F2CB2F3009426C8 /* Main.storyboard in Resources */,
				5B3DE2D01F671866002CFFF3 /* menu_button@3x.png in Resources */,
				5B2767931F65AD8100429DE3 /* Dialog.xib in Resources */,
				5BB031B91F607BA70006257B /* electrician.png in Resources */,
				5BB031B81F607A9F0006257B /* photo_item1@3x.png in Resources */,
				5BB031B61F607A9A0006257B /* photo_item1.png in Resources */,
				5BB031B71F607A9C0006257B /* photo_item1@2x.png in Resources */,
				5B06537E1F67289800D02252 /* background@2x.png in Resources */,
				5B3DE2CE1F671861002CFFF3 /* menu_button.png in Resources */,
			);
			runOnlyForDeploymentPostprocessing = 0;
		};
		88B316EC1F2CB2F3009426C8 /* Resources */ = {
			isa = PBXResourcesBuildPhase;
			buildActionMask = 2147483647;
			files = (
			);
			runOnlyForDeploymentPostprocessing = 0;
		};
/* End PBXResourcesBuildPhase section */

/* Begin PBXShellScriptBuildPhase section */
		406EB2F7AAEE787AF021F15C /* [CP] Check Pods Manifest.lock */ = {
			isa = PBXShellScriptBuildPhase;
			buildActionMask = 2147483647;
			files = (
			);
			inputPaths = (
			);
			name = "[CP] Check Pods Manifest.lock";
			outputPaths = (
			);
			runOnlyForDeploymentPostprocessing = 0;
			shellPath = /bin/sh;
			shellScript = "diff \"${PODS_ROOT}/../Podfile.lock\" \"${PODS_ROOT}/Manifest.lock\" > /dev/null\nif [ $? != 0 ] ; then\n    # print error to STDERR\n    echo \"error: The sandbox is not in sync with the Podfile.lock. Run 'pod install' or update your CocoaPods installation.\" >&2\n    exit 1\nfi\n";
			showEnvVarsInLog = 0;
		};
		50C3A0E9E00508411ED0B8F3 /* [CP] Embed Pods Frameworks */ = {
			isa = PBXShellScriptBuildPhase;
			buildActionMask = 2147483647;
			files = (
			);
			inputPaths = (
			);
			name = "[CP] Embed Pods Frameworks";
			outputPaths = (
			);
			runOnlyForDeploymentPostprocessing = 0;
			shellPath = /bin/sh;
			shellScript = "\"${SRCROOT}/Pods/Target Support Files/Pods-iShoddyTests/Pods-iShoddyTests-frameworks.sh\"\n";
			showEnvVarsInLog = 0;
		};
		676A6153C6451D2845D5BA12 /* [CP] Embed Pods Frameworks */ = {
			isa = PBXShellScriptBuildPhase;
			buildActionMask = 2147483647;
			files = (
			);
			inputPaths = (
			);
			name = "[CP] Embed Pods Frameworks";
			outputPaths = (
			);
			runOnlyForDeploymentPostprocessing = 0;
			shellPath = /bin/sh;
			shellScript = "\"${SRCROOT}/Pods/Target Support Files/Pods-iShoddy/Pods-iShoddy-frameworks.sh\"\n";
			showEnvVarsInLog = 0;
		};
		85E4F542978EDB511D5E7FFD /* [CP] Check Pods Manifest.lock */ = {
			isa = PBXShellScriptBuildPhase;
			buildActionMask = 2147483647;
			files = (
			);
			inputPaths = (
			);
			name = "[CP] Check Pods Manifest.lock";
			outputPaths = (
			);
			runOnlyForDeploymentPostprocessing = 0;
			shellPath = /bin/sh;
			shellScript = "diff \"${PODS_ROOT}/../Podfile.lock\" \"${PODS_ROOT}/Manifest.lock\" > /dev/null\nif [ $? != 0 ] ; then\n    # print error to STDERR\n    echo \"error: The sandbox is not in sync with the Podfile.lock. Run 'pod install' or update your CocoaPods installation.\" >&2\n    exit 1\nfi\n";
			showEnvVarsInLog = 0;
		};
		9E40D6C868CD1E147CB6BB83 /* [CP] Copy Pods Resources */ = {
			isa = PBXShellScriptBuildPhase;
			buildActionMask = 2147483647;
			files = (
			);
			inputPaths = (
			);
			name = "[CP] Copy Pods Resources";
			outputPaths = (
			);
			runOnlyForDeploymentPostprocessing = 0;
			shellPath = /bin/sh;
			shellScript = "\"${SRCROOT}/Pods/Target Support Files/Pods-iShoddy/Pods-iShoddy-resources.sh\"\n";
			showEnvVarsInLog = 0;
		};
		EBF41C87307C0DA2B59DBE5C /* [CP] Copy Pods Resources */ = {
			isa = PBXShellScriptBuildPhase;
			buildActionMask = 2147483647;
			files = (
			);
			inputPaths = (
			);
			name = "[CP] Copy Pods Resources";
			outputPaths = (
			);
			runOnlyForDeploymentPostprocessing = 0;
			shellPath = /bin/sh;
			shellScript = "\"${SRCROOT}/Pods/Target Support Files/Pods-iShoddyTests/Pods-iShoddyTests-resources.sh\"\n";
			showEnvVarsInLog = 0;
		};
/* End PBXShellScriptBuildPhase section */

/* Begin PBXSourcesBuildPhase section */
		88B316D61F2CB2F3009426C8 /* Sources */ = {
			isa = PBXSourcesBuildPhase;
			buildActionMask = 2147483647;
			files = (
				5B2767951F65ADCC00429DE3 /* Dialog.swift in Sources */,
				5BFE52631F6D1A2000AD706F /* PersistCategoriesCoreDataImpl.swift in Sources */,
				5BFE52691F6D302100AD706F /* UIViewController+Utils.swift in Sources */,
				5B85EF581F6D39B10044AE89 /* GetAllCategoriesInteractorCoreDataImpl.swift in Sources */,
				5BA56AE51F61C12000F837EB /* GetAllCategoriesInteractor.swift in Sources */,
				88B316E01F2CB2F3009426C8 /* ViewController.swift in Sources */,
				5BFE00D71F686FBE00551609 /* GetFileFromServerManager.swift in Sources */,
				5B4FB3C51F63F7D2007EE813 /* ListCategoriesOutputType.swift in Sources */,
				5B4FB3D01F6408C3007EE813 /* ErrorData.swift in Sources */,
				5BFE525F1F6D175000AD706F /* SubCategoryData+ManagedObjectType.swift in Sources */,
				5B4FB3CE1F640896007EE813 /* Pagination.swift in Sources */,
				5BB031AE1F606BCE0006257B /* CategoryViewController.swift in Sources */,
				5BFE52611F6D1A0400AD706F /* SaveCategoriesInteractorImpl.swift in Sources */,
				5BA56AEC1F61C61400F837EB /* GetAllCategoriesNetworkManagerImpl.swift in Sources */,
				5BFE52591F6D0EC400AD706F /* NSManagedObjectContext.swift in Sources */,
				5BFE52651F6D1C6500AD706F /* PersistCategoriesCoreData.swift in Sources */,
				5BA56AE71F61C17300F837EB /* GetAllCategoriesInteractorImpl.swift in Sources */,
				5BFE525D1F6D174100AD706F /* CategoryData+ManagedObjectType.swift in Sources */,
				5B4FB3C91F640865007EE813 /* BaseModel.swift in Sources */,
				5BA56AEE1F61CE5B00F837EB /* GetAllCategoriesManager.swift in Sources */,
				5B3DE2CA1F67163C002CFFF3 /* EmptySegue.m in Sources */,
				5B350AA51F6546FC00B4DBEE /* NetworkManager.swift in Sources */,
				5B85EF5A1F6D3AA10044AE89 /* GetAllCategoriesCoreDataManagerImpl.swift in Sources */,
				5B4FB3C71F63F857007EE813 /* SubCategory.swift in Sources */,
				5B4FB3CC1F640889007EE813 /* HeaderData.swift in Sources */,
				5B350AA71F654D0C00B4DBEE /* DomainUrl.swift in Sources */,
				5B756A821F6D07BB0039ABA2 /* CoreDataManager.swift in Sources */,
				5B4FB3D21F640A6A007EE813 /* ListCategoriesResponseType.swift in Sources */,
				5B6775A31F6D939B007A411E /* iShoddyModel.xcdatamodeld in Sources */,
				5BFE525B1F6D104400AD706F /* ManagedObjectType.swift in Sources */,
				5B85EF5C1F6D8B2C0044AE89 /* CheckCacheInteractor.swift in Sources */,
				88B316DE1F2CB2F3009426C8 /* AppDelegate.swift in Sources */,
				5BB031B11F606F090006257B /* CategoryCell.swift in Sources */,
				5BFE52571F6D0E4200AD706F /* ManagedObject.swift in Sources */,
				5BFE52671F6D1CDA00AD706F /* SaveCategoriesInteractor.swift in Sources */,
				5B16BAD81F684E50004ACB7F /* GetImageFilesInteractor.swift in Sources */,
				5B85EF5E1F6D8B5B0044AE89 /* CheckCacheFakeInteractorImpl.swift in Sources */,
				5BA56AEA1F61C27000F837EB /* Category.swift in Sources */,
			);
			runOnlyForDeploymentPostprocessing = 0;
		};
		88B316EA1F2CB2F3009426C8 /* Sources */ = {
			isa = PBXSourcesBuildPhase;
			buildActionMask = 2147483647;
			files = (
				88B316F31F2CB2F3009426C8 /* iShoddyTests.swift in Sources */,
			);
			runOnlyForDeploymentPostprocessing = 0;
		};
/* End PBXSourcesBuildPhase section */

/* Begin PBXTargetDependency section */
		88B316F01F2CB2F3009426C8 /* PBXTargetDependency */ = {
			isa = PBXTargetDependency;
			target = 88B316D91F2CB2F3009426C8 /* iShoddy */;
			targetProxy = 88B316EF1F2CB2F3009426C8 /* PBXContainerItemProxy */;
		};
/* End PBXTargetDependency section */

/* Begin PBXVariantGroup section */
		88B316E11F2CB2F3009426C8 /* Main.storyboard */ = {
			isa = PBXVariantGroup;
			children = (
				88B316E21F2CB2F3009426C8 /* Base */,
			);
			name = Main.storyboard;
			sourceTree = "<group>";
		};
		88B316E61F2CB2F3009426C8 /* LaunchScreen.storyboard */ = {
			isa = PBXVariantGroup;
			children = (
				88B316E71F2CB2F3009426C8 /* Base */,
			);
			name = LaunchScreen.storyboard;
			sourceTree = "<group>";
		};
/* End PBXVariantGroup section */

/* Begin XCBuildConfiguration section */
		88B316F51F2CB2F3009426C8 /* Debug */ = {
			isa = XCBuildConfiguration;
			buildSettings = {
				ALWAYS_SEARCH_USER_PATHS = NO;
				CLANG_ANALYZER_NONNULL = YES;
				CLANG_ANALYZER_NUMBER_OBJECT_CONVERSION = YES_AGGRESSIVE;
				CLANG_CXX_LANGUAGE_STANDARD = "gnu++14";
				CLANG_CXX_LIBRARY = "libc++";
				CLANG_ENABLE_MODULES = YES;
				CLANG_ENABLE_OBJC_ARC = YES;
				CLANG_WARN_BLOCK_CAPTURE_AUTORELEASING = YES;
				CLANG_WARN_BOOL_CONVERSION = YES;
				CLANG_WARN_COMMA = YES;
				CLANG_WARN_CONSTANT_CONVERSION = YES;
				CLANG_WARN_DIRECT_OBJC_ISA_USAGE = YES_ERROR;
				CLANG_WARN_DOCUMENTATION_COMMENTS = YES;
				CLANG_WARN_EMPTY_BODY = YES;
				CLANG_WARN_ENUM_CONVERSION = YES;
				CLANG_WARN_INFINITE_RECURSION = YES;
				CLANG_WARN_INT_CONVERSION = YES;
				CLANG_WARN_NON_LITERAL_NULL_CONVERSION = YES;
				CLANG_WARN_OBJC_LITERAL_CONVERSION = YES;
				CLANG_WARN_OBJC_ROOT_CLASS = YES_ERROR;
				CLANG_WARN_RANGE_LOOP_ANALYSIS = YES;
				CLANG_WARN_STRICT_PROTOTYPES = YES;
				CLANG_WARN_SUSPICIOUS_MOVE = YES;
				CLANG_WARN_UNGUARDED_AVAILABILITY = YES_AGGRESSIVE;
				CLANG_WARN_UNREACHABLE_CODE = YES;
				CLANG_WARN__DUPLICATE_METHOD_MATCH = YES;
				CODE_SIGN_IDENTITY = "iPhone Developer";
				COPY_PHASE_STRIP = NO;
				DEBUG_INFORMATION_FORMAT = dwarf;
				ENABLE_STRICT_OBJC_MSGSEND = YES;
				ENABLE_TESTABILITY = YES;
				GCC_C_LANGUAGE_STANDARD = gnu11;
				GCC_DYNAMIC_NO_PIC = NO;
				GCC_NO_COMMON_BLOCKS = YES;
				GCC_OPTIMIZATION_LEVEL = 0;
				GCC_PREPROCESSOR_DEFINITIONS = (
					"DEBUG=1",
					"$(inherited)",
				);
				GCC_WARN_64_TO_32_BIT_CONVERSION = YES;
				GCC_WARN_ABOUT_RETURN_TYPE = YES_ERROR;
				GCC_WARN_UNDECLARED_SELECTOR = YES;
				GCC_WARN_UNINITIALIZED_AUTOS = YES_AGGRESSIVE;
				GCC_WARN_UNUSED_FUNCTION = YES;
				GCC_WARN_UNUSED_VARIABLE = YES;
				IPHONEOS_DEPLOYMENT_TARGET = 11.0;
				MTL_ENABLE_DEBUG_INFO = YES;
				ONLY_ACTIVE_ARCH = YES;
				SDKROOT = iphoneos;
				SWIFT_ACTIVE_COMPILATION_CONDITIONS = DEBUG;
				SWIFT_OPTIMIZATION_LEVEL = "-Onone";
			};
			name = Debug;
		};
		88B316F61F2CB2F3009426C8 /* Release */ = {
			isa = XCBuildConfiguration;
			buildSettings = {
				ALWAYS_SEARCH_USER_PATHS = NO;
				CLANG_ANALYZER_NONNULL = YES;
				CLANG_ANALYZER_NUMBER_OBJECT_CONVERSION = YES_AGGRESSIVE;
				CLANG_CXX_LANGUAGE_STANDARD = "gnu++14";
				CLANG_CXX_LIBRARY = "libc++";
				CLANG_ENABLE_MODULES = YES;
				CLANG_ENABLE_OBJC_ARC = YES;
				CLANG_WARN_BLOCK_CAPTURE_AUTORELEASING = YES;
				CLANG_WARN_BOOL_CONVERSION = YES;
				CLANG_WARN_COMMA = YES;
				CLANG_WARN_CONSTANT_CONVERSION = YES;
				CLANG_WARN_DIRECT_OBJC_ISA_USAGE = YES_ERROR;
				CLANG_WARN_DOCUMENTATION_COMMENTS = YES;
				CLANG_WARN_EMPTY_BODY = YES;
				CLANG_WARN_ENUM_CONVERSION = YES;
				CLANG_WARN_INFINITE_RECURSION = YES;
				CLANG_WARN_INT_CONVERSION = YES;
				CLANG_WARN_NON_LITERAL_NULL_CONVERSION = YES;
				CLANG_WARN_OBJC_LITERAL_CONVERSION = YES;
				CLANG_WARN_OBJC_ROOT_CLASS = YES_ERROR;
				CLANG_WARN_RANGE_LOOP_ANALYSIS = YES;
				CLANG_WARN_STRICT_PROTOTYPES = YES;
				CLANG_WARN_SUSPICIOUS_MOVE = YES;
				CLANG_WARN_UNGUARDED_AVAILABILITY = YES_AGGRESSIVE;
				CLANG_WARN_UNREACHABLE_CODE = YES;
				CLANG_WARN__DUPLICATE_METHOD_MATCH = YES;
				CODE_SIGN_IDENTITY = "iPhone Developer";
				COPY_PHASE_STRIP = NO;
				DEBUG_INFORMATION_FORMAT = "dwarf-with-dsym";
				ENABLE_NS_ASSERTIONS = NO;
				ENABLE_STRICT_OBJC_MSGSEND = YES;
				GCC_C_LANGUAGE_STANDARD = gnu11;
				GCC_NO_COMMON_BLOCKS = YES;
				GCC_WARN_64_TO_32_BIT_CONVERSION = YES;
				GCC_WARN_ABOUT_RETURN_TYPE = YES_ERROR;
				GCC_WARN_UNDECLARED_SELECTOR = YES;
				GCC_WARN_UNINITIALIZED_AUTOS = YES_AGGRESSIVE;
				GCC_WARN_UNUSED_FUNCTION = YES;
				GCC_WARN_UNUSED_VARIABLE = YES;
				IPHONEOS_DEPLOYMENT_TARGET = 11.0;
				MTL_ENABLE_DEBUG_INFO = NO;
				SDKROOT = iphoneos;
				SWIFT_OPTIMIZATION_LEVEL = "-Owholemodule";
				VALIDATE_PRODUCT = YES;
			};
			name = Release;
		};
		88B316F81F2CB2F3009426C8 /* Debug */ = {
			isa = XCBuildConfiguration;
			baseConfigurationReference = 31FAC1654563990A36772599 /* Pods-iShoddy.debug.xcconfig */;
			buildSettings = {
				ASSETCATALOG_COMPILER_APPICON_NAME = AppIcon;
				CLANG_ENABLE_MODULES = YES;
				DEVELOPMENT_TEAM = TXG6EHC68B;
				INFOPLIST_FILE = iShoddy/Info.plist;
				IPHONEOS_DEPLOYMENT_TARGET = 9.0;
				LD_RUNPATH_SEARCH_PATHS = "$(inherited) @executable_path/Frameworks";
				PRODUCT_BUNDLE_IDENTIFIER = com.mazinger.iShoddy;
				PRODUCT_NAME = "$(TARGET_NAME)";
				SWIFT_OBJC_BRIDGING_HEADER = "iShoddy/Controls/iShoddy-Bridging-Header.h";
				SWIFT_OPTIMIZATION_LEVEL = "-Onone";
				SWIFT_VERSION = 4.0;
				TARGETED_DEVICE_FAMILY = "1,2";
			};
			name = Debug;
		};
		88B316F91F2CB2F3009426C8 /* Release */ = {
			isa = XCBuildConfiguration;
			baseConfigurationReference = FB2B35570C0EB7BA48BC8A80 /* Pods-iShoddy.release.xcconfig */;
			buildSettings = {
				ASSETCATALOG_COMPILER_APPICON_NAME = AppIcon;
				CLANG_ENABLE_MODULES = YES;
				DEVELOPMENT_TEAM = TXG6EHC68B;
				INFOPLIST_FILE = iShoddy/Info.plist;
				IPHONEOS_DEPLOYMENT_TARGET = 9.0;
				LD_RUNPATH_SEARCH_PATHS = "$(inherited) @executable_path/Frameworks";
				PRODUCT_BUNDLE_IDENTIFIER = com.mazinger.iShoddy;
				PRODUCT_NAME = "$(TARGET_NAME)";
				SWIFT_OBJC_BRIDGING_HEADER = "iShoddy/Controls/iShoddy-Bridging-Header.h";
				SWIFT_VERSION = 4.0;
				TARGETED_DEVICE_FAMILY = "1,2";
			};
			name = Release;
		};
		88B316FB1F2CB2F3009426C8 /* Debug */ = {
			isa = XCBuildConfiguration;
			baseConfigurationReference = A0E813170B0E4BFC960CAD46 /* Pods-iShoddyTests.debug.xcconfig */;
			buildSettings = {
				ALWAYS_EMBED_SWIFT_STANDARD_LIBRARIES = YES;
				BUNDLE_LOADER = "$(TEST_HOST)";
				INFOPLIST_FILE = iShoddyTests/Info.plist;
				LD_RUNPATH_SEARCH_PATHS = "$(inherited) @executable_path/Frameworks @loader_path/Frameworks";
				PRODUCT_BUNDLE_IDENTIFIER = com.mazinger.iShoddyTests;
				PRODUCT_NAME = "$(TARGET_NAME)";
				SWIFT_VERSION = 4.0;
				TARGETED_DEVICE_FAMILY = "1,2";
				TEST_HOST = "$(BUILT_PRODUCTS_DIR)/iShoddy.app/iShoddy";
			};
			name = Debug;
		};
		88B316FC1F2CB2F3009426C8 /* Release */ = {
			isa = XCBuildConfiguration;
			baseConfigurationReference = 4E11AA31340BE83E5303D74A /* Pods-iShoddyTests.release.xcconfig */;
			buildSettings = {
				ALWAYS_EMBED_SWIFT_STANDARD_LIBRARIES = YES;
				BUNDLE_LOADER = "$(TEST_HOST)";
				INFOPLIST_FILE = iShoddyTests/Info.plist;
				LD_RUNPATH_SEARCH_PATHS = "$(inherited) @executable_path/Frameworks @loader_path/Frameworks";
				PRODUCT_BUNDLE_IDENTIFIER = com.mazinger.iShoddyTests;
				PRODUCT_NAME = "$(TARGET_NAME)";
				SWIFT_VERSION = 4.0;
				TARGETED_DEVICE_FAMILY = "1,2";
				TEST_HOST = "$(BUILT_PRODUCTS_DIR)/iShoddy.app/iShoddy";
			};
			name = Release;
		};
/* End XCBuildConfiguration section */

/* Begin XCConfigurationList section */
		88B316D51F2CB2F3009426C8 /* Build configuration list for PBXProject "iShoddy" */ = {
			isa = XCConfigurationList;
			buildConfigurations = (
				88B316F51F2CB2F3009426C8 /* Debug */,
				88B316F61F2CB2F3009426C8 /* Release */,
			);
			defaultConfigurationIsVisible = 0;
			defaultConfigurationName = Release;
		};
		88B316F71F2CB2F3009426C8 /* Build configuration list for PBXNativeTarget "iShoddy" */ = {
			isa = XCConfigurationList;
			buildConfigurations = (
				88B316F81F2CB2F3009426C8 /* Debug */,
				88B316F91F2CB2F3009426C8 /* Release */,
			);
			defaultConfigurationIsVisible = 0;
			defaultConfigurationName = Release;
		};
		88B316FA1F2CB2F3009426C8 /* Build configuration list for PBXNativeTarget "iShoddyTests" */ = {
			isa = XCConfigurationList;
			buildConfigurations = (
				88B316FB1F2CB2F3009426C8 /* Debug */,
				88B316FC1F2CB2F3009426C8 /* Release */,
			);
			defaultConfigurationIsVisible = 0;
			defaultConfigurationName = Release;
		};
/* End XCConfigurationList section */

/* Begin XCVersionGroup section */
		5B6775A11F6D939B007A411E /* iShoddyModel.xcdatamodeld */ = {
			isa = XCVersionGroup;
			children = (
				5B6775A21F6D939B007A411E /* iShoddyModel.xcdatamodel */,
			);
			currentVersion = 5B6775A21F6D939B007A411E /* iShoddyModel.xcdatamodel */;
			path = iShoddyModel.xcdatamodeld;
			sourceTree = "<group>";
			versionGroupType = wrapper.xcdatamodel;
		};
/* End XCVersionGroup section */
	};
	rootObject = 88B316D21F2CB2F3009426C8 /* Project object */;
}
