// !$*UTF8*$!
{
	archiveVersion = 1;
	classes = {
	};
	objectVersion = 48;
	objects = {

/* Begin PBXBuildFile section */
		53B98430C9FBA2148C51F1FA /* Pods_iShoddyTests.framework in Frameworks */ = {isa = PBXBuildFile; fileRef = 2E0C009362E4C4261A0465F3 /* Pods_iShoddyTests.framework */; };
		546F1DB24150A061402C5B8D /* Pods_iShoddy.framework in Frameworks */ = {isa = PBXBuildFile; fileRef = 21A643B76E21C3A3A368C596 /* Pods_iShoddy.framework */; };
		5B16BAD81F684E50004ACB7F /* GetImageFilesInteractor.swift in Sources */ = {isa = PBXBuildFile; fileRef = 5B16BAD71F684E50004ACB7F /* GetImageFilesInteractor.swift */; };
		5B2767931F65AD8100429DE3 /* Dialog.xib in Resources */ = {isa = PBXBuildFile; fileRef = 5B2767921F65AD8100429DE3 /* Dialog.xib */; };
		5B2767951F65ADCC00429DE3 /* Dialog.swift in Sources */ = {isa = PBXBuildFile; fileRef = 5B2767941F65ADCC00429DE3 /* Dialog.swift */; };
		5B350AA51F6546FC00B4DBEE /* NetworkManager.swift in Sources */ = {isa = PBXBuildFile; fileRef = 5B350AA41F6546FC00B4DBEE /* NetworkManager.swift */; };
		5B350AA71F654D0C00B4DBEE /* DomainUrl.swift in Sources */ = {isa = PBXBuildFile; fileRef = 5B350AA61F654D0C00B4DBEE /* DomainUrl.swift */; };
		5B3DE2CA1F67163C002CFFF3 /* EmptySegue.m in Sources */ = {isa = PBXBuildFile; fileRef = 5B3DE2C81F67163C002CFFF3 /* EmptySegue.m */; };
		5B4FB3C51F63F7D2007EE813 /* ListCategoriesOutputType.swift in Sources */ = {isa = PBXBuildFile; fileRef = 5B4FB3C41F63F7D2007EE813 /* ListCategoriesOutputType.swift */; };
		5B4FB3C71F63F857007EE813 /* SubCategory.swift in Sources */ = {isa = PBXBuildFile; fileRef = 5B4FB3C61F63F857007EE813 /* SubCategory.swift */; };
		5B4FB3CC1F640889007EE813 /* HeaderData.swift in Sources */ = {isa = PBXBuildFile; fileRef = 5B4FB3CB1F640889007EE813 /* HeaderData.swift */; };
		5B4FB3D21F640A6A007EE813 /* ListCategoriesResponseType.swift in Sources */ = {isa = PBXBuildFile; fileRef = 5B4FB3D11F640A6A007EE813 /* ListCategoriesResponseType.swift */; };
		5B6775A31F6D939B007A411E /* iShoddyModel.xcdatamodeld in Sources */ = {isa = PBXBuildFile; fileRef = 5B6775A11F6D939B007A411E /* iShoddyModel.xcdatamodeld */; };
		5B756A821F6D07BB0039ABA2 /* CoreDataManager.swift in Sources */ = {isa = PBXBuildFile; fileRef = 5B756A811F6D07BB0039ABA2 /* CoreDataManager.swift */; };
		5B85EF581F6D39B10044AE89 /* GetAllCategoriesInteractorCoreDataImpl.swift in Sources */ = {isa = PBXBuildFile; fileRef = 5B85EF571F6D39B10044AE89 /* GetAllCategoriesInteractorCoreDataImpl.swift */; };
		5B85EF5A1F6D3AA10044AE89 /* GetAllCategoriesCoreDataManagerImpl.swift in Sources */ = {isa = PBXBuildFile; fileRef = 5B85EF591F6D3AA10044AE89 /* GetAllCategoriesCoreDataManagerImpl.swift */; };
		5B85EF5C1F6D8B2C0044AE89 /* CheckCacheInteractor.swift in Sources */ = {isa = PBXBuildFile; fileRef = 5B85EF5B1F6D8B2C0044AE89 /* CheckCacheInteractor.swift */; };
		5B85EF5E1F6D8B5B0044AE89 /* CheckCacheFakeInteractorImpl.swift in Sources */ = {isa = PBXBuildFile; fileRef = 5B85EF5D1F6D8B5B0044AE89 /* CheckCacheFakeInteractorImpl.swift */; };
		5BA56AE51F61C12000F837EB /* GetAllCategoriesInteractor.swift in Sources */ = {isa = PBXBuildFile; fileRef = 5BA56AE41F61C12000F837EB /* GetAllCategoriesInteractor.swift */; };
		5BA56AE71F61C17300F837EB /* GetAllCategoriesInteractorImpl.swift in Sources */ = {isa = PBXBuildFile; fileRef = 5BA56AE61F61C17300F837EB /* GetAllCategoriesInteractorImpl.swift */; };
		5BA56AEA1F61C27000F837EB /* Category.swift in Sources */ = {isa = PBXBuildFile; fileRef = 5BA56AE91F61C27000F837EB /* Category.swift */; };
		5BA56AEC1F61C61400F837EB /* GetAllCategoriesNetworkManagerImpl.swift in Sources */ = {isa = PBXBuildFile; fileRef = 5BA56AEB1F61C61400F837EB /* GetAllCategoriesNetworkManagerImpl.swift */; };
		5BA56AEE1F61CE5B00F837EB /* GetAllCategoriesManager.swift in Sources */ = {isa = PBXBuildFile; fileRef = 5BA56AED1F61CE5B00F837EB /* GetAllCategoriesManager.swift */; };
		5BB031AE1F606BCE0006257B /* CategoryViewController.swift in Sources */ = {isa = PBXBuildFile; fileRef = 5BB031AD1F606BCE0006257B /* CategoryViewController.swift */; };
		5BB031B11F606F090006257B /* CategoryCell.swift in Sources */ = {isa = PBXBuildFile; fileRef = 5BB031B01F606F090006257B /* CategoryCell.swift */; };
		5BFE00D71F686FBE00551609 /* GetFileFromServerManager.swift in Sources */ = {isa = PBXBuildFile; fileRef = 5BFE00D61F686FBE00551609 /* GetFileFromServerManager.swift */; };
		5BFE52571F6D0E4200AD706F /* ManagedObject.swift in Sources */ = {isa = PBXBuildFile; fileRef = 5BFE52561F6D0E4200AD706F /* ManagedObject.swift */; };
		5BFE52591F6D0EC400AD706F /* NSManagedObjectContext.swift in Sources */ = {isa = PBXBuildFile; fileRef = 5BFE52581F6D0EC400AD706F /* NSManagedObjectContext.swift */; };
		5BFE525B1F6D104400AD706F /* ManagedObjectType.swift in Sources */ = {isa = PBXBuildFile; fileRef = 5BFE525A1F6D104400AD706F /* ManagedObjectType.swift */; };
		5BFE525D1F6D174100AD706F /* CategoryData+ManagedObjectType.swift in Sources */ = {isa = PBXBuildFile; fileRef = 5BFE525C1F6D174100AD706F /* CategoryData+ManagedObjectType.swift */; };
		5BFE525F1F6D175000AD706F /* SubCategoryData+ManagedObjectType.swift in Sources */ = {isa = PBXBuildFile; fileRef = 5BFE525E1F6D175000AD706F /* SubCategoryData+ManagedObjectType.swift */; };
		5BFE52611F6D1A0400AD706F /* SaveCategoriesInteractorImpl.swift in Sources */ = {isa = PBXBuildFile; fileRef = 5BFE52601F6D1A0400AD706F /* SaveCategoriesInteractorImpl.swift */; };
		5BFE52631F6D1A2000AD706F /* PersistCategoriesCoreDataImpl.swift in Sources */ = {isa = PBXBuildFile; fileRef = 5BFE52621F6D1A2000AD706F /* PersistCategoriesCoreDataImpl.swift */; };
		5BFE52651F6D1C6500AD706F /* PersistCategoriesCoreData.swift in Sources */ = {isa = PBXBuildFile; fileRef = 5BFE52641F6D1C6500AD706F /* PersistCategoriesCoreData.swift */; };
		5BFE52671F6D1CDA00AD706F /* SaveCategoriesInteractor.swift in Sources */ = {isa = PBXBuildFile; fileRef = 5BFE52661F6D1CDA00AD706F /* SaveCategoriesInteractor.swift */; };
		882C33521F9EC68E00A154D3 /* CircleImage.swift in Sources */ = {isa = PBXBuildFile; fileRef = 882C33511F9EC68E00A154D3 /* CircleImage.swift */; };
		883960671F81B3EA00E56266 /* UIApplication.swift in Sources */ = {isa = PBXBuildFile; fileRef = 883960651F81B3E900E56266 /* UIApplication.swift */; };
		883960681F81B3EA00E56266 /* UIViewController.swift in Sources */ = {isa = PBXBuildFile; fileRef = 883960661F81B3E900E56266 /* UIViewController.swift */; };
		8839606A1F81CE0600E56266 /* ImageHeaderView.xib in Resources */ = {isa = PBXBuildFile; fileRef = 883960691F81CE0600E56266 /* ImageHeaderView.xib */; };
		883FD7501F7D150C004F259C /* ExSlideMenuController.swift in Sources */ = {isa = PBXBuildFile; fileRef = 883FD74F1F7D150C004F259C /* ExSlideMenuController.swift */; };
		8898FABB1F7C6CCF00E92F16 /* RegisterAsClientViewController.swift in Sources */ = {isa = PBXBuildFile; fileRef = 8898FABA1F7C6CCF00E92F16 /* RegisterAsClientViewController.swift */; };
		8898FABE1F7C71C200E92F16 /* BaseTableViewCell.swift in Sources */ = {isa = PBXBuildFile; fileRef = 8898FABD1F7C71C200E92F16 /* BaseTableViewCell.swift */; };
		8898FAC11F7C727C00E92F16 /* StringExtension.swift in Sources */ = {isa = PBXBuildFile; fileRef = 8898FAC01F7C727C00E92F16 /* StringExtension.swift */; };
		8898FAC31F7C7BF900E92F16 /* TableViewExtension.swift in Sources */ = {isa = PBXBuildFile; fileRef = 8898FAC21F7C7BF900E92F16 /* TableViewExtension.swift */; };
		8898FAC51F7C7D4200E92F16 /* ImageHeaderView.swift in Sources */ = {isa = PBXBuildFile; fileRef = 8898FAC41F7C7D4200E92F16 /* ImageHeaderView.swift */; };
		8898FAC71F7C8AD600E92F16 /* UIView.swift in Sources */ = {isa = PBXBuildFile; fileRef = 8898FAC61F7C8AD600E92F16 /* UIView.swift */; };
		88A92E881F83DBE1008CF0E8 /* UITextField.swift in Sources */ = {isa = PBXBuildFile; fileRef = 88A92E871F83DBE1008CF0E8 /* UITextField.swift */; };
		88B316DE1F2CB2F3009426C8 /* AppDelegate.swift in Sources */ = {isa = PBXBuildFile; fileRef = 88B316DD1F2CB2F3009426C8 /* AppDelegate.swift */; };
		88B316F31F2CB2F3009426C8 /* iShoddyTests.swift in Sources */ = {isa = PBXBuildFile; fileRef = 88B316F21F2CB2F3009426C8 /* iShoddyTests.swift */; };
		88DE57941F8BF0C800CEA83C /* AuthService.swift in Sources */ = {isa = PBXBuildFile; fileRef = 88DE57931F8BF0C800CEA83C /* AuthService.swift */; };
		88F48C3F1F7A7DF30098D342 /* LeftViewController.swift in Sources */ = {isa = PBXBuildFile; fileRef = 88F48C3E1F7A7DF30098D342 /* LeftViewController.swift */; };
		DF2B07F01F75740B001EA47D /* menu_button@2x.png in Resources */ = {isa = PBXBuildFile; fileRef = DF5C7C2E1F756744009DA768 /* menu_button@2x.png */; };
		DF2B07F11F757415001EA47D /* background@3x.png in Resources */ = {isa = PBXBuildFile; fileRef = DF5C7C321F756745009DA768 /* background@3x.png */; };
		DF2B07F21F757425001EA47D /* menu_button@3x.png in Resources */ = {isa = PBXBuildFile; fileRef = DF5C7C311F756744009DA768 /* menu_button@3x.png */; };
		DF2B07F31F757460001EA47D /* GoldStarFilled.png in Resources */ = {isa = PBXBuildFile; fileRef = DF5C7C141F7565F3009DA768 /* GoldStarFilled.png */; };
		DF2B07F41F757460001EA47D /* GoldStarEmpty.png in Resources */ = {isa = PBXBuildFile; fileRef = DF5C7C151F7565F3009DA768 /* GoldStarEmpty.png */; };
		DF2B07F51F757460001EA47D /* empty.png in Resources */ = {isa = PBXBuildFile; fileRef = DF5C7C341F756745009DA768 /* empty.png */; };
		DF2B07F61F757460001EA47D /* Default-568h@2x.png in Resources */ = {isa = PBXBuildFile; fileRef = DF5C7C3A1F7568D8009DA768 /* Default-568h@2x.png */; };
		DF2B07F71F757460001EA47D /* background@2x.png in Resources */ = {isa = PBXBuildFile; fileRef = DF5C7C2B1F756743009DA768 /* background@2x.png */; };
		DF2B07F81F757460001EA47D /* CameraPhoto.png in Resources */ = {isa = PBXBuildFile; fileRef = DF5C7C331F756745009DA768 /* CameraPhoto.png */; };
		DF2B07F91F757460001EA47D /* electrician.png in Resources */ = {isa = PBXBuildFile; fileRef = DF5C7C2C1F756744009DA768 /* electrician.png */; };
		DF2B07FB1F757460001EA47D /* Marker.png in Resources */ = {isa = PBXBuildFile; fileRef = DF5C7C351F756745009DA768 /* Marker.png */; };
		DF2B07FC1F757460001EA47D /* menu_button.png in Resources */ = {isa = PBXBuildFile; fileRef = DF5C7C381F756746009DA768 /* menu_button.png */; };
		DF2B07FD1F757460001EA47D /* photo_item1.png in Resources */ = {isa = PBXBuildFile; fileRef = DF5C7C361F756745009DA768 /* photo_item1.png */; };
		DF2B07FE1F757460001EA47D /* photo_item1@2x.png in Resources */ = {isa = PBXBuildFile; fileRef = DF5C7C2F1F756744009DA768 /* photo_item1@2x.png */; };
		DF2B07FF1F757460001EA47D /* photo_item1@3x.png in Resources */ = {isa = PBXBuildFile; fileRef = DF5C7C2A1F756743009DA768 /* photo_item1@3x.png */; };
		DF2B08001F757460001EA47D /* professional-default.png in Resources */ = {isa = PBXBuildFile; fileRef = DF5C7C391F756746009DA768 /* professional-default.png */; };
		DF2B08011F757460001EA47D /* ProfessionalPannel.png in Resources */ = {isa = PBXBuildFile; fileRef = DF5C7C1D1F7565F3009DA768 /* ProfessionalPannel.png */; };
		DF2B08021F757656001EA47D /* LaunchScreen.storyboard in Resources */ = {isa = PBXBuildFile; fileRef = DF2B08041F757656001EA47D /* LaunchScreen.storyboard */; };
		DF2B08061F7576BD001EA47D /* UIViewController+Utils.swift in Sources */ = {isa = PBXBuildFile; fileRef = DF2B08051F7576BD001EA47D /* UIViewController+Utils.swift */; };
		DF5C7C0A1F7564E3009DA768 /* BaseModel.swift in Sources */ = {isa = PBXBuildFile; fileRef = DF5C7BFE1F7564E3009DA768 /* BaseModel.swift */; };
		DF5C7C291F756713009DA768 /* AsyncData.swift in Sources */ = {isa = PBXBuildFile; fileRef = DF5C7C281F756713009DA768 /* AsyncData.swift */; };
		DF72FAC21F840B9300715DCB /* ProfessionalsController-CLLocationManager.swift in Sources */ = {isa = PBXBuildFile; fileRef = DF72FAC11F840B9300715DCB /* ProfessionalsController-CLLocationManager.swift */; };
		DF72FAC41F840C2900715DCB /* CategoryProfessionalList.swift in Sources */ = {isa = PBXBuildFile; fileRef = DF72FAC31F840C2900715DCB /* CategoryProfessionalList.swift */; };
		DF72FAC91F840C5700715DCB /* ErrorData.swift in Sources */ = {isa = PBXBuildFile; fileRef = DF72FAC81F840C5700715DCB /* ErrorData.swift */; };
		DF72FACD1F840C8800715DCB /* ErrorDataResponseType.swift in Sources */ = {isa = PBXBuildFile; fileRef = DF72FACC1F840C8800715DCB /* ErrorDataResponseType.swift */; };
		DF72FACF1F840C9C00715DCB /* ErrorDataOutputType.swift in Sources */ = {isa = PBXBuildFile; fileRef = DF72FACE1F840C9C00715DCB /* ErrorDataOutputType.swift */; };
		DF72FAD21F840CB900715DCB /* PaginationData.swift in Sources */ = {isa = PBXBuildFile; fileRef = DF72FAD11F840CB900715DCB /* PaginationData.swift */; };
		DF72FAD41F840CCB00715DCB /* PaginationDataResponseType.swift in Sources */ = {isa = PBXBuildFile; fileRef = DF72FAD31F840CCB00715DCB /* PaginationDataResponseType.swift */; };
		DF72FAD71F840CEC00715DCB /* PaginationDataOutputType.swift in Sources */ = {isa = PBXBuildFile; fileRef = DF72FAD61F840CEC00715DCB /* PaginationDataOutputType.swift */; };
		DFAB52581F756ACC00487699 /* Assets.xcassets in Resources */ = {isa = PBXBuildFile; fileRef = DF5C7C371F756745009DA768 /* Assets.xcassets */; };
		DFAB52591F756AFA00487699 /* ProfessionalDetailController.swift in Sources */ = {isa = PBXBuildFile; fileRef = DF5C7C271F7566D5009DA768 /* ProfessionalDetailController.swift */; };
		DFAB525A1F756AFE00487699 /* ProfessionalsController.swift in Sources */ = {isa = PBXBuildFile; fileRef = DF5C7C241F7566D5009DA768 /* ProfessionalsController.swift */; };
		DFAB525B1F756B0100487699 /* ProfessionalsController+UICollectionView.swift in Sources */ = {isa = PBXBuildFile; fileRef = DF5C7C251F7566D5009DA768 /* ProfessionalsController+UICollectionView.swift */; };
		DFAB525F1F756B7800487699 /* GetProfessionalsNetworkManager.swift in Sources */ = {isa = PBXBuildFile; fileRef = DFAB525E1F756B7800487699 /* GetProfessionalsNetworkManager.swift */; };
		DFAB52611F756B7A00487699 /* GetProfessionalsNetworkManagerImpl.swift in Sources */ = {isa = PBXBuildFile; fileRef = DFAB52601F756B7A00487699 /* GetProfessionalsNetworkManagerImpl.swift */; };
		DFAB52651F756B9700487699 /* GetProfessionalInteractor.swift in Sources */ = {isa = PBXBuildFile; fileRef = DFAB52631F756B9700487699 /* GetProfessionalInteractor.swift */; };
		DFAB52661F756B9700487699 /* GetProfessionalInteractorImpl.swift in Sources */ = {isa = PBXBuildFile; fileRef = DFAB52641F756B9700487699 /* GetProfessionalInteractorImpl.swift */; };
		DFAB526D1F756BBD00487699 /* ActivityIndicator.swift in Sources */ = {isa = PBXBuildFile; fileRef = DFAB52691F756BBC00487699 /* ActivityIndicator.swift */; };
		DFAB526E1F756BBD00487699 /* ProfessionalCell.swift in Sources */ = {isa = PBXBuildFile; fileRef = DFAB526B1F756BBD00487699 /* ProfessionalCell.swift */; };
		DFAB52711F756BD600487699 /* Main.storyboard in Resources */ = {isa = PBXBuildFile; fileRef = DFAB526C1F756BBD00487699 /* Main.storyboard */; };
		DFAB52741F756BDE00487699 /* Constants.swift in Sources */ = {isa = PBXBuildFile; fileRef = DFAB52731F756BDE00487699 /* Constants.swift */; };
		DFAB52791F756C1000487699 /* Professional.swift in Sources */ = {isa = PBXBuildFile; fileRef = DFAB52761F756C1000487699 /* Professional.swift */; };
		DFAB527A1F756C1000487699 /* ListProfessionalsResponseType.swift in Sources */ = {isa = PBXBuildFile; fileRef = DFAB52771F756C1000487699 /* ListProfessionalsResponseType.swift */; };
		DFAB527B1F756C1000487699 /* ListProfessionalsOutputType.swift in Sources */ = {isa = PBXBuildFile; fileRef = DFAB52781F756C1000487699 /* ListProfessionalsOutputType.swift */; };
/* End PBXBuildFile section */

/* Begin PBXContainerItemProxy section */
		88B316EF1F2CB2F3009426C8 /* PBXContainerItemProxy */ = {
			isa = PBXContainerItemProxy;
			containerPortal = 88B316D21F2CB2F3009426C8 /* Project object */;
			proxyType = 1;
			remoteGlobalIDString = 88B316D91F2CB2F3009426C8;
			remoteInfo = iShoddy;
		};
/* End PBXContainerItemProxy section */

/* Begin PBXFileReference section */
		21A643B76E21C3A3A368C596 /* Pods_iShoddy.framework */ = {isa = PBXFileReference; explicitFileType = wrapper.framework; includeInIndex = 0; path = Pods_iShoddy.framework; sourceTree = BUILT_PRODUCTS_DIR; };
		2D841D5C38C3ACBED3C3FD0A /* Pods-iShoddy.debug.xcconfig */ = {isa = PBXFileReference; includeInIndex = 1; lastKnownFileType = text.xcconfig; name = "Pods-iShoddy.debug.xcconfig"; path = "Pods/Target Support Files/Pods-iShoddy/Pods-iShoddy.debug.xcconfig"; sourceTree = "<group>"; };
		2E0C009362E4C4261A0465F3 /* Pods_iShoddyTests.framework */ = {isa = PBXFileReference; explicitFileType = wrapper.framework; includeInIndex = 0; path = Pods_iShoddyTests.framework; sourceTree = BUILT_PRODUCTS_DIR; };
		36562B88D89BB6EF09027EFA /* Pods-iShoddyTests.release.xcconfig */ = {isa = PBXFileReference; includeInIndex = 1; lastKnownFileType = text.xcconfig; name = "Pods-iShoddyTests.release.xcconfig"; path = "Pods/Target Support Files/Pods-iShoddyTests/Pods-iShoddyTests.release.xcconfig"; sourceTree = "<group>"; };
		4682DB1658ADD481290B5D53 /* Pods-iShoddy.release.xcconfig */ = {isa = PBXFileReference; includeInIndex = 1; lastKnownFileType = text.xcconfig; name = "Pods-iShoddy.release.xcconfig"; path = "Pods/Target Support Files/Pods-iShoddy/Pods-iShoddy.release.xcconfig"; sourceTree = "<group>"; };
		5B16BAD71F684E50004ACB7F /* GetImageFilesInteractor.swift */ = {isa = PBXFileReference; lastKnownFileType = sourcecode.swift; path = GetImageFilesInteractor.swift; sourceTree = "<group>"; };
		5B2767921F65AD8100429DE3 /* Dialog.xib */ = {isa = PBXFileReference; lastKnownFileType = file.xib; path = Dialog.xib; sourceTree = "<group>"; };
		5B2767941F65ADCC00429DE3 /* Dialog.swift */ = {isa = PBXFileReference; lastKnownFileType = sourcecode.swift; path = Dialog.swift; sourceTree = "<group>"; };
		5B350AA41F6546FC00B4DBEE /* NetworkManager.swift */ = {isa = PBXFileReference; lastKnownFileType = sourcecode.swift; path = NetworkManager.swift; sourceTree = "<group>"; };
		5B350AA61F654D0C00B4DBEE /* DomainUrl.swift */ = {isa = PBXFileReference; lastKnownFileType = sourcecode.swift; path = DomainUrl.swift; sourceTree = "<group>"; };
		5B3DE2C71F67163C002CFFF3 /* iShoddy-Bridging-Header.h */ = {isa = PBXFileReference; lastKnownFileType = sourcecode.c.h; path = "iShoddy-Bridging-Header.h"; sourceTree = "<group>"; };
		5B3DE2C81F67163C002CFFF3 /* EmptySegue.m */ = {isa = PBXFileReference; lastKnownFileType = sourcecode.c.objc; path = EmptySegue.m; sourceTree = "<group>"; };
		5B3DE2C91F67163C002CFFF3 /* EmptySegue.h */ = {isa = PBXFileReference; lastKnownFileType = sourcecode.c.h; path = EmptySegue.h; sourceTree = "<group>"; };
		5B4FB3C41F63F7D2007EE813 /* ListCategoriesOutputType.swift */ = {isa = PBXFileReference; lastKnownFileType = sourcecode.swift; path = ListCategoriesOutputType.swift; sourceTree = "<group>"; };
		5B4FB3C61F63F857007EE813 /* SubCategory.swift */ = {isa = PBXFileReference; lastKnownFileType = sourcecode.swift; path = SubCategory.swift; sourceTree = "<group>"; };
		5B4FB3CB1F640889007EE813 /* HeaderData.swift */ = {isa = PBXFileReference; lastKnownFileType = sourcecode.swift; path = HeaderData.swift; sourceTree = "<group>"; };
		5B4FB3D11F640A6A007EE813 /* ListCategoriesResponseType.swift */ = {isa = PBXFileReference; lastKnownFileType = sourcecode.swift; path = ListCategoriesResponseType.swift; sourceTree = "<group>"; };
		5B6775A21F6D939B007A411E /* iShoddyModel.xcdatamodel */ = {isa = PBXFileReference; lastKnownFileType = wrapper.xcdatamodel; path = iShoddyModel.xcdatamodel; sourceTree = "<group>"; };
		5B756A7B1F6C51D50039ABA2 /* empty.png */ = {isa = PBXFileReference; lastKnownFileType = image.png; path = empty.png; sourceTree = "<group>"; };
		5B756A811F6D07BB0039ABA2 /* CoreDataManager.swift */ = {isa = PBXFileReference; lastKnownFileType = sourcecode.swift; path = CoreDataManager.swift; sourceTree = "<group>"; };
		5B85EF571F6D39B10044AE89 /* GetAllCategoriesInteractorCoreDataImpl.swift */ = {isa = PBXFileReference; lastKnownFileType = sourcecode.swift; path = GetAllCategoriesInteractorCoreDataImpl.swift; sourceTree = "<group>"; };
		5B85EF591F6D3AA10044AE89 /* GetAllCategoriesCoreDataManagerImpl.swift */ = {isa = PBXFileReference; lastKnownFileType = sourcecode.swift; path = GetAllCategoriesCoreDataManagerImpl.swift; sourceTree = "<group>"; };
		5B85EF5B1F6D8B2C0044AE89 /* CheckCacheInteractor.swift */ = {isa = PBXFileReference; lastKnownFileType = sourcecode.swift; path = CheckCacheInteractor.swift; sourceTree = "<group>"; };
		5B85EF5D1F6D8B5B0044AE89 /* CheckCacheFakeInteractorImpl.swift */ = {isa = PBXFileReference; lastKnownFileType = sourcecode.swift; path = CheckCacheFakeInteractorImpl.swift; sourceTree = "<group>"; };
		5BA56AE41F61C12000F837EB /* GetAllCategoriesInteractor.swift */ = {isa = PBXFileReference; lastKnownFileType = sourcecode.swift; path = GetAllCategoriesInteractor.swift; sourceTree = "<group>"; };
		5BA56AE61F61C17300F837EB /* GetAllCategoriesInteractorImpl.swift */ = {isa = PBXFileReference; lastKnownFileType = sourcecode.swift; path = GetAllCategoriesInteractorImpl.swift; sourceTree = "<group>"; };
		5BA56AE91F61C27000F837EB /* Category.swift */ = {isa = PBXFileReference; lastKnownFileType = sourcecode.swift; path = Category.swift; sourceTree = "<group>"; };
		5BA56AEB1F61C61400F837EB /* GetAllCategoriesNetworkManagerImpl.swift */ = {isa = PBXFileReference; lastKnownFileType = sourcecode.swift; path = GetAllCategoriesNetworkManagerImpl.swift; sourceTree = "<group>"; };
		5BA56AED1F61CE5B00F837EB /* GetAllCategoriesManager.swift */ = {isa = PBXFileReference; lastKnownFileType = sourcecode.swift; path = GetAllCategoriesManager.swift; sourceTree = "<group>"; };
		5BB031AD1F606BCE0006257B /* CategoryViewController.swift */ = {isa = PBXFileReference; lastKnownFileType = sourcecode.swift; path = CategoryViewController.swift; sourceTree = "<group>"; };
		5BB031B01F606F090006257B /* CategoryCell.swift */ = {isa = PBXFileReference; lastKnownFileType = sourcecode.swift; path = CategoryCell.swift; sourceTree = "<group>"; };
		5BFE00D61F686FBE00551609 /* GetFileFromServerManager.swift */ = {isa = PBXFileReference; lastKnownFileType = sourcecode.swift; path = GetFileFromServerManager.swift; sourceTree = "<group>"; };
		5BFE52561F6D0E4200AD706F /* ManagedObject.swift */ = {isa = PBXFileReference; lastKnownFileType = sourcecode.swift; path = ManagedObject.swift; sourceTree = "<group>"; };
		5BFE52581F6D0EC400AD706F /* NSManagedObjectContext.swift */ = {isa = PBXFileReference; lastKnownFileType = sourcecode.swift; path = NSManagedObjectContext.swift; sourceTree = "<group>"; };
		5BFE525A1F6D104400AD706F /* ManagedObjectType.swift */ = {isa = PBXFileReference; lastKnownFileType = sourcecode.swift; path = ManagedObjectType.swift; sourceTree = "<group>"; };
		5BFE525C1F6D174100AD706F /* CategoryData+ManagedObjectType.swift */ = {isa = PBXFileReference; lastKnownFileType = sourcecode.swift; path = "CategoryData+ManagedObjectType.swift"; sourceTree = "<group>"; };
		5BFE525E1F6D175000AD706F /* SubCategoryData+ManagedObjectType.swift */ = {isa = PBXFileReference; lastKnownFileType = sourcecode.swift; path = "SubCategoryData+ManagedObjectType.swift"; sourceTree = "<group>"; };
		5BFE52601F6D1A0400AD706F /* SaveCategoriesInteractorImpl.swift */ = {isa = PBXFileReference; lastKnownFileType = sourcecode.swift; path = SaveCategoriesInteractorImpl.swift; sourceTree = "<group>"; };
		5BFE52621F6D1A2000AD706F /* PersistCategoriesCoreDataImpl.swift */ = {isa = PBXFileReference; lastKnownFileType = sourcecode.swift; path = PersistCategoriesCoreDataImpl.swift; sourceTree = "<group>"; };
		5BFE52641F6D1C6500AD706F /* PersistCategoriesCoreData.swift */ = {isa = PBXFileReference; lastKnownFileType = sourcecode.swift; path = PersistCategoriesCoreData.swift; sourceTree = "<group>"; };
		5BFE52661F6D1CDA00AD706F /* SaveCategoriesInteractor.swift */ = {isa = PBXFileReference; lastKnownFileType = sourcecode.swift; path = SaveCategoriesInteractor.swift; sourceTree = "<group>"; };
		882C33511F9EC68E00A154D3 /* CircleImage.swift */ = {isa = PBXFileReference; fileEncoding = 4; lastKnownFileType = sourcecode.swift; path = CircleImage.swift; sourceTree = "<group>"; };
		883960651F81B3E900E56266 /* UIApplication.swift */ = {isa = PBXFileReference; fileEncoding = 4; lastKnownFileType = sourcecode.swift; path = UIApplication.swift; sourceTree = "<group>"; };
		883960661F81B3E900E56266 /* UIViewController.swift */ = {isa = PBXFileReference; fileEncoding = 4; lastKnownFileType = sourcecode.swift; path = UIViewController.swift; sourceTree = "<group>"; };
		883960691F81CE0600E56266 /* ImageHeaderView.xib */ = {isa = PBXFileReference; fileEncoding = 4; lastKnownFileType = file.xib; path = ImageHeaderView.xib; sourceTree = "<group>"; };
		883FD74F1F7D150C004F259C /* ExSlideMenuController.swift */ = {isa = PBXFileReference; lastKnownFileType = sourcecode.swift; path = ExSlideMenuController.swift; sourceTree = "<group>"; };
		883FD7521F7D222D004F259C /* SlideMenuControllerSwift.framework */ = {isa = PBXFileReference; explicitFileType = wrapper.framework; path = SlideMenuControllerSwift.framework; sourceTree = BUILT_PRODUCTS_DIR; };
		8898FABA1F7C6CCF00E92F16 /* RegisterAsClientViewController.swift */ = {isa = PBXFileReference; lastKnownFileType = sourcecode.swift; path = RegisterAsClientViewController.swift; sourceTree = "<group>"; };
		8898FABD1F7C71C200E92F16 /* BaseTableViewCell.swift */ = {isa = PBXFileReference; lastKnownFileType = sourcecode.swift; path = BaseTableViewCell.swift; sourceTree = "<group>"; };
		8898FAC01F7C727C00E92F16 /* StringExtension.swift */ = {isa = PBXFileReference; lastKnownFileType = sourcecode.swift; path = StringExtension.swift; sourceTree = "<group>"; };
		8898FAC21F7C7BF900E92F16 /* TableViewExtension.swift */ = {isa = PBXFileReference; lastKnownFileType = sourcecode.swift; path = TableViewExtension.swift; sourceTree = "<group>"; };
		8898FAC41F7C7D4200E92F16 /* ImageHeaderView.swift */ = {isa = PBXFileReference; lastKnownFileType = sourcecode.swift; path = ImageHeaderView.swift; sourceTree = "<group>"; };
		8898FAC61F7C8AD600E92F16 /* UIView.swift */ = {isa = PBXFileReference; lastKnownFileType = sourcecode.swift; path = UIView.swift; sourceTree = "<group>"; };
		88A92E871F83DBE1008CF0E8 /* UITextField.swift */ = {isa = PBXFileReference; lastKnownFileType = sourcecode.swift; path = UITextField.swift; sourceTree = "<group>"; };
		88B316DA1F2CB2F3009426C8 /* iShoddy.app */ = {isa = PBXFileReference; explicitFileType = wrapper.application; includeInIndex = 0; path = iShoddy.app; sourceTree = BUILT_PRODUCTS_DIR; };
		88B316DD1F2CB2F3009426C8 /* AppDelegate.swift */ = {isa = PBXFileReference; lastKnownFileType = sourcecode.swift; path = AppDelegate.swift; sourceTree = "<group>"; };
		88B316E91F2CB2F3009426C8 /* Info.plist */ = {isa = PBXFileReference; lastKnownFileType = text.plist.xml; path = Info.plist; sourceTree = "<group>"; };
		88B316EE1F2CB2F3009426C8 /* iShoddyTests.xctest */ = {isa = PBXFileReference; explicitFileType = wrapper.cfbundle; includeInIndex = 0; path = iShoddyTests.xctest; sourceTree = BUILT_PRODUCTS_DIR; };
		88B316F21F2CB2F3009426C8 /* iShoddyTests.swift */ = {isa = PBXFileReference; lastKnownFileType = sourcecode.swift; path = iShoddyTests.swift; sourceTree = "<group>"; };
		88B316F41F2CB2F3009426C8 /* Info.plist */ = {isa = PBXFileReference; lastKnownFileType = text.plist.xml; path = Info.plist; sourceTree = "<group>"; };
		88DE57931F8BF0C800CEA83C /* AuthService.swift */ = {isa = PBXFileReference; lastKnownFileType = sourcecode.swift; path = AuthService.swift; sourceTree = "<group>"; };
		88F48C3E1F7A7DF30098D342 /* LeftViewController.swift */ = {isa = PBXFileReference; lastKnownFileType = sourcecode.swift; path = LeftViewController.swift; sourceTree = "<group>"; };
		A2B4AFAFDE5869AEE36E22FE /* Pods-iShoddyTests.debug.xcconfig */ = {isa = PBXFileReference; includeInIndex = 1; lastKnownFileType = text.xcconfig; name = "Pods-iShoddyTests.debug.xcconfig"; path = "Pods/Target Support Files/Pods-iShoddyTests/Pods-iShoddyTests.debug.xcconfig"; sourceTree = "<group>"; };
		DF2B08031F757656001EA47D /* Base */ = {isa = PBXFileReference; lastKnownFileType = file.storyboard; name = Base; path = Base.lproj/LaunchScreen.storyboard; sourceTree = "<group>"; };
		DF2B08051F7576BD001EA47D /* UIViewController+Utils.swift */ = {isa = PBXFileReference; lastKnownFileType = sourcecode.swift; path = "UIViewController+Utils.swift"; sourceTree = "<group>"; };
		DF5C7BFE1F7564E3009DA768 /* BaseModel.swift */ = {isa = PBXFileReference; fileEncoding = 4; lastKnownFileType = sourcecode.swift; path = BaseModel.swift; sourceTree = "<group>"; };
		DF5C7C141F7565F3009DA768 /* GoldStarFilled.png */ = {isa = PBXFileReference; lastKnownFileType = image.png; path = GoldStarFilled.png; sourceTree = "<group>"; };
		DF5C7C151F7565F3009DA768 /* GoldStarEmpty.png */ = {isa = PBXFileReference; lastKnownFileType = image.png; path = GoldStarEmpty.png; sourceTree = "<group>"; };
		DF5C7C1D1F7565F3009DA768 /* ProfessionalPannel.png */ = {isa = PBXFileReference; lastKnownFileType = image.png; path = ProfessionalPannel.png; sourceTree = "<group>"; };
		DF5C7C241F7566D5009DA768 /* ProfessionalsController.swift */ = {isa = PBXFileReference; lastKnownFileType = sourcecode.swift; path = ProfessionalsController.swift; sourceTree = "<group>"; };
		DF5C7C251F7566D5009DA768 /* ProfessionalsController+UICollectionView.swift */ = {isa = PBXFileReference; lastKnownFileType = sourcecode.swift; path = "ProfessionalsController+UICollectionView.swift"; sourceTree = "<group>"; };
		DF5C7C271F7566D5009DA768 /* ProfessionalDetailController.swift */ = {isa = PBXFileReference; lastKnownFileType = sourcecode.swift; path = ProfessionalDetailController.swift; sourceTree = "<group>"; };
		DF5C7C281F756713009DA768 /* AsyncData.swift */ = {isa = PBXFileReference; lastKnownFileType = sourcecode.swift; path = AsyncData.swift; sourceTree = "<group>"; };
		DF5C7C2A1F756743009DA768 /* photo_item1@3x.png */ = {isa = PBXFileReference; lastKnownFileType = image.png; path = "photo_item1@3x.png"; sourceTree = "<group>"; };
		DF5C7C2B1F756743009DA768 /* background@2x.png */ = {isa = PBXFileReference; lastKnownFileType = image.png; path = "background@2x.png"; sourceTree = "<group>"; };
		DF5C7C2C1F756744009DA768 /* electrician.png */ = {isa = PBXFileReference; lastKnownFileType = image.png; path = electrician.png; sourceTree = "<group>"; };
		DF5C7C2E1F756744009DA768 /* menu_button@2x.png */ = {isa = PBXFileReference; lastKnownFileType = image.png; path = "menu_button@2x.png"; sourceTree = "<group>"; };
		DF5C7C2F1F756744009DA768 /* photo_item1@2x.png */ = {isa = PBXFileReference; lastKnownFileType = image.png; path = "photo_item1@2x.png"; sourceTree = "<group>"; };
		DF5C7C311F756744009DA768 /* menu_button@3x.png */ = {isa = PBXFileReference; lastKnownFileType = image.png; path = "menu_button@3x.png"; sourceTree = "<group>"; };
		DF5C7C321F756745009DA768 /* background@3x.png */ = {isa = PBXFileReference; lastKnownFileType = image.png; path = "background@3x.png"; sourceTree = "<group>"; };
		DF5C7C331F756745009DA768 /* CameraPhoto.png */ = {isa = PBXFileReference; lastKnownFileType = image.png; path = CameraPhoto.png; sourceTree = "<group>"; };
		DF5C7C341F756745009DA768 /* empty.png */ = {isa = PBXFileReference; lastKnownFileType = image.png; path = empty.png; sourceTree = "<group>"; };
		DF5C7C351F756745009DA768 /* Marker.png */ = {isa = PBXFileReference; lastKnownFileType = image.png; path = Marker.png; sourceTree = "<group>"; };
		DF5C7C361F756745009DA768 /* photo_item1.png */ = {isa = PBXFileReference; lastKnownFileType = image.png; path = photo_item1.png; sourceTree = "<group>"; };
		DF5C7C371F756745009DA768 /* Assets.xcassets */ = {isa = PBXFileReference; lastKnownFileType = folder.assetcatalog; path = Assets.xcassets; sourceTree = "<group>"; };
		DF5C7C381F756746009DA768 /* menu_button.png */ = {isa = PBXFileReference; lastKnownFileType = image.png; path = menu_button.png; sourceTree = "<group>"; };
		DF5C7C391F756746009DA768 /* professional-default.png */ = {isa = PBXFileReference; lastKnownFileType = image.png; path = "professional-default.png"; sourceTree = "<group>"; };
		DF5C7C3A1F7568D8009DA768 /* Default-568h@2x.png */ = {isa = PBXFileReference; lastKnownFileType = image.png; path = "Default-568h@2x.png"; sourceTree = "<group>"; };
		DF72FAC11F840B9300715DCB /* ProfessionalsController-CLLocationManager.swift */ = {isa = PBXFileReference; fileEncoding = 4; lastKnownFileType = sourcecode.swift; path = "ProfessionalsController-CLLocationManager.swift"; sourceTree = "<group>"; };
		DF72FAC31F840C2900715DCB /* CategoryProfessionalList.swift */ = {isa = PBXFileReference; fileEncoding = 4; lastKnownFileType = sourcecode.swift; path = CategoryProfessionalList.swift; sourceTree = "<group>"; };
		DF72FAC81F840C5700715DCB /* ErrorData.swift */ = {isa = PBXFileReference; lastKnownFileType = sourcecode.swift; path = ErrorData.swift; sourceTree = "<group>"; };
		DF72FACC1F840C8800715DCB /* ErrorDataResponseType.swift */ = {isa = PBXFileReference; lastKnownFileType = sourcecode.swift; path = ErrorDataResponseType.swift; sourceTree = "<group>"; };
		DF72FACE1F840C9C00715DCB /* ErrorDataOutputType.swift */ = {isa = PBXFileReference; lastKnownFileType = sourcecode.swift; path = ErrorDataOutputType.swift; sourceTree = "<group>"; };
		DF72FAD11F840CB900715DCB /* PaginationData.swift */ = {isa = PBXFileReference; lastKnownFileType = sourcecode.swift; path = PaginationData.swift; sourceTree = "<group>"; };
		DF72FAD31F840CCB00715DCB /* PaginationDataResponseType.swift */ = {isa = PBXFileReference; lastKnownFileType = sourcecode.swift; path = PaginationDataResponseType.swift; sourceTree = "<group>"; };
		DF72FAD61F840CEC00715DCB /* PaginationDataOutputType.swift */ = {isa = PBXFileReference; lastKnownFileType = sourcecode.swift; path = PaginationDataOutputType.swift; sourceTree = "<group>"; };
		DFAB525E1F756B7800487699 /* GetProfessionalsNetworkManager.swift */ = {isa = PBXFileReference; lastKnownFileType = sourcecode.swift; path = GetProfessionalsNetworkManager.swift; sourceTree = "<group>"; };
		DFAB52601F756B7A00487699 /* GetProfessionalsNetworkManagerImpl.swift */ = {isa = PBXFileReference; lastKnownFileType = sourcecode.swift; path = GetProfessionalsNetworkManagerImpl.swift; sourceTree = "<group>"; };
		DFAB52631F756B9700487699 /* GetProfessionalInteractor.swift */ = {isa = PBXFileReference; lastKnownFileType = sourcecode.swift; path = GetProfessionalInteractor.swift; sourceTree = "<group>"; };
		DFAB52641F756B9700487699 /* GetProfessionalInteractorImpl.swift */ = {isa = PBXFileReference; lastKnownFileType = sourcecode.swift; path = GetProfessionalInteractorImpl.swift; sourceTree = "<group>"; };
		DFAB52691F756BBC00487699 /* ActivityIndicator.swift */ = {isa = PBXFileReference; lastKnownFileType = sourcecode.swift; path = ActivityIndicator.swift; sourceTree = "<group>"; };
		DFAB526B1F756BBD00487699 /* ProfessionalCell.swift */ = {isa = PBXFileReference; lastKnownFileType = sourcecode.swift; path = ProfessionalCell.swift; sourceTree = "<group>"; };
		DFAB526C1F756BBD00487699 /* Main.storyboard */ = {isa = PBXFileReference; lastKnownFileType = file.storyboard; path = Main.storyboard; sourceTree = "<group>"; };
		DFAB52731F756BDE00487699 /* Constants.swift */ = {isa = PBXFileReference; lastKnownFileType = sourcecode.swift; path = Constants.swift; sourceTree = "<group>"; };
		DFAB52761F756C1000487699 /* Professional.swift */ = {isa = PBXFileReference; lastKnownFileType = sourcecode.swift; path = Professional.swift; sourceTree = "<group>"; };
		DFAB52771F756C1000487699 /* ListProfessionalsResponseType.swift */ = {isa = PBXFileReference; lastKnownFileType = sourcecode.swift; path = ListProfessionalsResponseType.swift; sourceTree = "<group>"; };
		DFAB52781F756C1000487699 /* ListProfessionalsOutputType.swift */ = {isa = PBXFileReference; lastKnownFileType = sourcecode.swift; path = ListProfessionalsOutputType.swift; sourceTree = "<group>"; };
/* End PBXFileReference section */

/* Begin PBXFrameworksBuildPhase section */
		88B316D71F2CB2F3009426C8 /* Frameworks */ = {
			isa = PBXFrameworksBuildPhase;
			buildActionMask = 2147483647;
			files = (
				546F1DB24150A061402C5B8D /* Pods_iShoddy.framework in Frameworks */,
			);
			runOnlyForDeploymentPostprocessing = 0;
		};
		88B316EB1F2CB2F3009426C8 /* Frameworks */ = {
			isa = PBXFrameworksBuildPhase;
			buildActionMask = 2147483647;
			files = (
				53B98430C9FBA2148C51F1FA /* Pods_iShoddyTests.framework in Frameworks */,
			);
			runOnlyForDeploymentPostprocessing = 0;
		};
/* End PBXFrameworksBuildPhase section */

/* Begin PBXGroup section */
		338B186746F8044D96363AD6 /* Pods */ = {
			isa = PBXGroup;
			children = (
				2D841D5C38C3ACBED3C3FD0A /* Pods-iShoddy.debug.xcconfig */,
				4682DB1658ADD481290B5D53 /* Pods-iShoddy.release.xcconfig */,
				A2B4AFAFDE5869AEE36E22FE /* Pods-iShoddyTests.debug.xcconfig */,
				36562B88D89BB6EF09027EFA /* Pods-iShoddyTests.release.xcconfig */,
			);
			name = Pods;
			sourceTree = "<group>";
		};
		5B4FB3CA1F64087B007EE813 /* Common */ = {
			isa = PBXGroup;
			children = (
				DF72FAD01F840CA200715DCB /* PaginationData */,
				DF72FAC71F840C4300715DCB /* ErrorData */,
				DF5C7BFE1F7564E3009DA768 /* BaseModel.swift */,
				5B350AA61F654D0C00B4DBEE /* DomainUrl.swift */,
				5B4FB3CB1F640889007EE813 /* HeaderData.swift */,
				DF2B08051F7576BD001EA47D /* UIViewController+Utils.swift */,
			);
			path = Common;
			sourceTree = "<group>";
		};
		5BA56AE11F61B4AB00F837EB /* Managers */ = {
			isa = PBXGroup;
			children = (
				DF0C20E31F7589DA004E0A38 /* CategoryManager */,
				DFAB52621F756B9000487699 /* ProfessionalManager */,
				DF5C7C281F756713009DA768 /* AsyncData.swift */,
				5B756A811F6D07BB0039ABA2 /* CoreDataManager.swift */,
				5BFE00D61F686FBE00551609 /* GetFileFromServerManager.swift */,
				5B350AA41F6546FC00B4DBEE /* NetworkManager.swift */,
				88DE57931F8BF0C800CEA83C /* AuthService.swift */,
			);
			path = Managers;
			sourceTree = "<group>";
		};
		5BA56AE21F61B4B200F837EB /* Interactors */ = {
			isa = PBXGroup;
			children = (
				DF0C20E21F7589CC004E0A38 /* CategoryInteractor */,
				5BA56AE31F61C05700F837EB /* Check Cache */,
				DFAB52671F756BA600487699 /* ProfessionalInteractor */,
				5B16BAD71F684E50004ACB7F /* GetImageFilesInteractor.swift */,
			);
			path = Interactors;
			sourceTree = "<group>";
		};
		5BA56AE31F61C05700F837EB /* Check Cache */ = {
			isa = PBXGroup;
			children = (
				5B85EF5D1F6D8B5B0044AE89 /* CheckCacheFakeInteractorImpl.swift */,
				5B85EF5B1F6D8B2C0044AE89 /* CheckCacheInteractor.swift */,
			);
			path = "Check Cache";
			sourceTree = "<group>";
		};
		5BA56AE81F61C1C900F837EB /* Model */ = {
			isa = PBXGroup;
			children = (
				DF0C20E61F758A2D004E0A38 /* Categories */,
				DFAB527C1F756C1900487699 /* Professionals */,
				5B4FB3CA1F64087B007EE813 /* Common */,
			);
			path = Model;
			sourceTree = "<group>";
		};
		5BB031A91F6060290006257B /* Resources */ = {
			isa = PBXGroup;
			children = (
				DF5C7C371F756745009DA768 /* Assets.xcassets */,
				DF5C7C131F7565F3009DA768 /* GoldStarRating */,
				DF5C7C341F756745009DA768 /* empty.png */,
				DF5C7C3A1F7568D8009DA768 /* Default-568h@2x.png */,
				DF5C7C2B1F756743009DA768 /* background@2x.png */,
				DF5C7C321F756745009DA768 /* background@3x.png */,
				DF5C7C331F756745009DA768 /* CameraPhoto.png */,
				DF5C7C2C1F756744009DA768 /* electrician.png */,
				5B756A7B1F6C51D50039ABA2 /* empty.png */,
				DF5C7C351F756745009DA768 /* Marker.png */,
				DF5C7C381F756746009DA768 /* menu_button.png */,
				DF5C7C2E1F756744009DA768 /* menu_button@2x.png */,
				DF5C7C311F756744009DA768 /* menu_button@3x.png */,
				DF5C7C361F756745009DA768 /* photo_item1.png */,
				DF5C7C2F1F756744009DA768 /* photo_item1@2x.png */,
				DF5C7C2A1F756743009DA768 /* photo_item1@3x.png */,
				DF5C7C391F756746009DA768 /* professional-default.png */,
				DF5C7C1D1F7565F3009DA768 /* ProfessionalPannel.png */,
			);
			path = Resources;
			sourceTree = "<group>";
		};
		5BB031AC1F6062DF0006257B /* Controllers */ = {
			isa = PBXGroup;
			children = (
				883FD74E1F7D1384004F259C /* ExSlideMenuController */,
				8898FAB91F7C6C9500E92F16 /* RegisterAsClientController */,
				88F48C3D1F7A782B0098D342 /* LeftViewController */,
				DF5C7C261F7566D5009DA768 /* ProfessionalDetailController */,
				DF5C7C231F7566D5009DA768 /* ProfessionalsController */,
				DF0C20E01F75899A004E0A38 /* CategoriesController */,
			);
			path = Controllers;
			sourceTree = "<group>";
		};
		5BB031AF1F606E090006257B /* Controls */ = {
			isa = PBXGroup;
			children = (
				5B3DE2C81F67163C002CFFF3 /* EmptySegue.m */,
				5B3DE2C91F67163C002CFFF3 /* EmptySegue.h */,
				5BB031B01F606F090006257B /* CategoryCell.swift */,
				DFAB526B1F756BBD00487699 /* ProfessionalCell.swift */,
				5B2767921F65AD8100429DE3 /* Dialog.xib */,
				5B2767941F65ADCC00429DE3 /* Dialog.swift */,
				5B3DE2C71F67163C002CFFF3 /* iShoddy-Bridging-Header.h */,
			);
			path = Controls;
			sourceTree = "<group>";
		};
		5BFE52551F6D0B3300AD706F /* Core Data Stack */ = {
			isa = PBXGroup;
			children = (
				5BFE525C1F6D174100AD706F /* CategoryData+ManagedObjectType.swift */,
				5BFE52561F6D0E4200AD706F /* ManagedObject.swift */,
				5BFE525A1F6D104400AD706F /* ManagedObjectType.swift */,
				5BFE52581F6D0EC400AD706F /* NSManagedObjectContext.swift */,
				DF0C20E11F7589B1004E0A38 /* SubcategoryCoreData */,
				5B6775A11F6D939B007A411E /* iShoddyModel.xcdatamodeld */,
			);
			path = "Core Data Stack";
			sourceTree = "<group>";
		};
		883FD74E1F7D1384004F259C /* ExSlideMenuController */ = {
			isa = PBXGroup;
			children = (
				883FD74F1F7D150C004F259C /* ExSlideMenuController.swift */,
			);
			path = ExSlideMenuController;
			sourceTree = "<group>";
		};
		8898FAB91F7C6C9500E92F16 /* RegisterAsClientController */ = {
			isa = PBXGroup;
			children = (
				8898FABA1F7C6CCF00E92F16 /* RegisterAsClientViewController.swift */,
			);
			path = RegisterAsClientController;
			sourceTree = "<group>";
		};
		8898FABC1F7C712100E92F16 /* TableViewCell */ = {
			isa = PBXGroup;
			children = (
				8898FABD1F7C71C200E92F16 /* BaseTableViewCell.swift */,
			);
			path = TableViewCell;
			sourceTree = "<group>";
		};
		8898FABF1F7C725A00E92F16 /* Extension */ = {
			isa = PBXGroup;
			children = (
				883960651F81B3E900E56266 /* UIApplication.swift */,
				883960661F81B3E900E56266 /* UIViewController.swift */,
				8898FAC01F7C727C00E92F16 /* StringExtension.swift */,
				8898FAC21F7C7BF900E92F16 /* TableViewExtension.swift */,
				8898FAC61F7C8AD600E92F16 /* UIView.swift */,
				88A92E871F83DBE1008CF0E8 /* UITextField.swift */,
			);
			path = Extension;
			sourceTree = "<group>";
		};
		88B316D11F2CB2F3009426C8 = {
			isa = PBXGroup;
			children = (
				88B316DC1F2CB2F3009426C8 /* iShoddy */,
				88B316F11F2CB2F3009426C8 /* iShoddyTests */,
				88B316DB1F2CB2F3009426C8 /* Products */,
				AAF533CD608FC839A0E51491 /* Frameworks */,
				338B186746F8044D96363AD6 /* Pods */,
			);
			sourceTree = "<group>";
		};
		88B316DB1F2CB2F3009426C8 /* Products */ = {
			isa = PBXGroup;
			children = (
				88B316DA1F2CB2F3009426C8 /* iShoddy.app */,
				88B316EE1F2CB2F3009426C8 /* iShoddyTests.xctest */,
			);
			name = Products;
			sourceTree = "<group>";
		};
		88B316DC1F2CB2F3009426C8 /* iShoddy */ = {
			isa = PBXGroup;
			children = (
				8898FABF1F7C725A00E92F16 /* Extension */,
				5BB031AC1F6062DF0006257B /* Controllers */,
				5BA56AE21F61B4B200F837EB /* Interactors */,
				5BA56AE11F61B4AB00F837EB /* Managers */,
				DFAB526F1F756BC800487699 /* View */,
				5BA56AE81F61C1C900F837EB /* Model */,
				5BB031AF1F606E090006257B /* Controls */,
				DFAB52751F756BE900487699 /* Helpers */,
				5BB031A91F6060290006257B /* Resources */,
				88B316DD1F2CB2F3009426C8 /* AppDelegate.swift */,
				88B316E91F2CB2F3009426C8 /* Info.plist */,
			);
			path = iShoddy;
			sourceTree = "<group>";
		};
		88B316F11F2CB2F3009426C8 /* iShoddyTests */ = {
			isa = PBXGroup;
			children = (
				88B316F41F2CB2F3009426C8 /* Info.plist */,
				88B316F21F2CB2F3009426C8 /* iShoddyTests.swift */,
			);
			path = iShoddyTests;
			sourceTree = "<group>";
		};
		88F48C3D1F7A782B0098D342 /* LeftViewController */ = {
			isa = PBXGroup;
			children = (
				88F48C3E1F7A7DF30098D342 /* LeftViewController.swift */,
			);
			path = LeftViewController;
			sourceTree = "<group>";
		};
		AAF533CD608FC839A0E51491 /* Frameworks */ = {
			isa = PBXGroup;
			children = (
				883FD7521F7D222D004F259C /* SlideMenuControllerSwift.framework */,
				21A643B76E21C3A3A368C596 /* Pods_iShoddy.framework */,
				2E0C009362E4C4261A0465F3 /* Pods_iShoddyTests.framework */,
			);
			name = Frameworks;
			sourceTree = "<group>";
		};
		DF0C20E01F75899A004E0A38 /* CategoriesController */ = {
			isa = PBXGroup;
			children = (
				5BB031AD1F606BCE0006257B /* CategoryViewController.swift */,
			);
			path = CategoriesController;
			sourceTree = "<group>";
		};
		DF0C20E11F7589B1004E0A38 /* SubcategoryCoreData */ = {
			isa = PBXGroup;
			children = (
				5BFE525E1F6D175000AD706F /* SubCategoryData+ManagedObjectType.swift */,
			);
			path = SubcategoryCoreData;
			sourceTree = "<group>";
		};
		DF0C20E21F7589CC004E0A38 /* CategoryInteractor */ = {
			isa = PBXGroup;
			children = (
				5BA56AE41F61C12000F837EB /* GetAllCategoriesInteractor.swift */,
				5B85EF571F6D39B10044AE89 /* GetAllCategoriesInteractorCoreDataImpl.swift */,
				5BA56AE61F61C17300F837EB /* GetAllCategoriesInteractorImpl.swift */,
				5BFE52661F6D1CDA00AD706F /* SaveCategoriesInteractor.swift */,
				5BFE52601F6D1A0400AD706F /* SaveCategoriesInteractorImpl.swift */,
			);
			path = CategoryInteractor;
			sourceTree = "<group>";
		};
		DF0C20E31F7589DA004E0A38 /* CategoryManager */ = {
			isa = PBXGroup;
			children = (
				5BA56AED1F61CE5B00F837EB /* GetAllCategoriesManager.swift */,
				5BA56AEB1F61C61400F837EB /* GetAllCategoriesNetworkManagerImpl.swift */,
				5B85EF591F6D3AA10044AE89 /* GetAllCategoriesCoreDataManagerImpl.swift */,
				5BFE52641F6D1C6500AD706F /* PersistCategoriesCoreData.swift */,
				5BFE52621F6D1A2000AD706F /* PersistCategoriesCoreDataImpl.swift */,
			);
			path = CategoryManager;
			sourceTree = "<group>";
		};
		DF0C20E61F758A2D004E0A38 /* Categories */ = {
			isa = PBXGroup;
			children = (
				5BA56AE91F61C27000F837EB /* Category.swift */,
				5B4FB3C41F63F7D2007EE813 /* ListCategoriesOutputType.swift */,
				5B4FB3D11F640A6A007EE813 /* ListCategoriesResponseType.swift */,
				5B4FB3C61F63F857007EE813 /* SubCategory.swift */,
			);
			path = Categories;
			sourceTree = "<group>";
		};
		DF5C7C131F7565F3009DA768 /* GoldStarRating */ = {
			isa = PBXGroup;
			children = (
				DF5C7C141F7565F3009DA768 /* GoldStarFilled.png */,
				DF5C7C151F7565F3009DA768 /* GoldStarEmpty.png */,
			);
			path = GoldStarRating;
			sourceTree = "<group>";
		};
		DF5C7C231F7566D5009DA768 /* ProfessionalsController */ = {
			isa = PBXGroup;
			children = (
				DF5C7C241F7566D5009DA768 /* ProfessionalsController.swift */,
				DF5C7C251F7566D5009DA768 /* ProfessionalsController+UICollectionView.swift */,
				DF72FAC11F840B9300715DCB /* ProfessionalsController-CLLocationManager.swift */,
			);
			path = ProfessionalsController;
			sourceTree = "<group>";
		};
		DF5C7C261F7566D5009DA768 /* ProfessionalDetailController */ = {
			isa = PBXGroup;
			children = (
				DF5C7C271F7566D5009DA768 /* ProfessionalDetailController.swift */,
			);
			path = ProfessionalDetailController;
			sourceTree = "<group>";
		};
		DF72FAC71F840C4300715DCB /* ErrorData */ = {
			isa = PBXGroup;
			children = (
				DF72FAC81F840C5700715DCB /* ErrorData.swift */,
				DF72FACC1F840C8800715DCB /* ErrorDataResponseType.swift */,
				DF72FACE1F840C9C00715DCB /* ErrorDataOutputType.swift */,
			);
			path = ErrorData;
			sourceTree = "<group>";
		};
		DF72FAD01F840CA200715DCB /* PaginationData */ = {
			isa = PBXGroup;
			children = (
				DF72FAD11F840CB900715DCB /* PaginationData.swift */,
				DF72FAD31F840CCB00715DCB /* PaginationDataResponseType.swift */,
				DF72FAD61F840CEC00715DCB /* PaginationDataOutputType.swift */,
			);
			path = PaginationData;
			sourceTree = "<group>";
		};
		DFAB52621F756B9000487699 /* ProfessionalManager */ = {
			isa = PBXGroup;
			children = (
				DFAB525E1F756B7800487699 /* GetProfessionalsNetworkManager.swift */,
				DFAB52601F756B7A00487699 /* GetProfessionalsNetworkManagerImpl.swift */,
			);
			path = ProfessionalManager;
			sourceTree = "<group>";
		};
		DFAB52671F756BA600487699 /* ProfessionalInteractor */ = {
			isa = PBXGroup;
			children = (
				DFAB52631F756B9700487699 /* GetProfessionalInteractor.swift */,
				DFAB52641F756B9700487699 /* GetProfessionalInteractorImpl.swift */,
			);
			path = ProfessionalInteractor;
			sourceTree = "<group>";
		};
		DFAB526F1F756BC800487699 /* View */ = {
			isa = PBXGroup;
			children = (
				882C33511F9EC68E00A154D3 /* CircleImage.swift */,
				883960691F81CE0600E56266 /* ImageHeaderView.xib */,
				8898FABC1F7C712100E92F16 /* TableViewCell */,
				DF2B08041F757656001EA47D /* LaunchScreen.storyboard */,
				DFAB526C1F756BBD00487699 /* Main.storyboard */,
				DFAB52691F756BBC00487699 /* ActivityIndicator.swift */,
				8898FAC41F7C7D4200E92F16 /* ImageHeaderView.swift */,
			);
			path = View;
			sourceTree = "<group>";
		};
		DFAB52751F756BE900487699 /* Helpers */ = {
			isa = PBXGroup;
			children = (
				DFAB52731F756BDE00487699 /* Constants.swift */,
				5BFE52551F6D0B3300AD706F /* Core Data Stack */,
			);
			path = Helpers;
			sourceTree = "<group>";
		};
		DFAB527C1F756C1900487699 /* Professionals */ = {
			isa = PBXGroup;
			children = (
				DFAB52781F756C1000487699 /* ListProfessionalsOutputType.swift */,
				DFAB52771F756C1000487699 /* ListProfessionalsResponseType.swift */,
				DFAB52761F756C1000487699 /* Professional.swift */,
				DF72FAC31F840C2900715DCB /* CategoryProfessionalList.swift */,
			);
			path = Professionals;
			sourceTree = "<group>";
		};
/* End PBXGroup section */

/* Begin PBXNativeTarget section */
		88B316D91F2CB2F3009426C8 /* iShoddy */ = {
			isa = PBXNativeTarget;
			buildConfigurationList = 88B316F71F2CB2F3009426C8 /* Build configuration list for PBXNativeTarget "iShoddy" */;
			buildPhases = (
				2A62116025A5B65709D7D4A0 /* [CP] Check Pods Manifest.lock */,
				88B316D61F2CB2F3009426C8 /* Sources */,
				88B316D71F2CB2F3009426C8 /* Frameworks */,
				88B316D81F2CB2F3009426C8 /* Resources */,
				D3D321B30D807A617EBB30B8 /* [CP] Embed Pods Frameworks */,
				EF517D7A268B9690CF033D7E /* [CP] Copy Pods Resources */,
			);
			buildRules = (
			);
			dependencies = (
			);
			name = iShoddy;
			productName = iShoddy;
			productReference = 88B316DA1F2CB2F3009426C8 /* iShoddy.app */;
			productType = "com.apple.product-type.application";
		};
		88B316ED1F2CB2F3009426C8 /* iShoddyTests */ = {
			isa = PBXNativeTarget;
			buildConfigurationList = 88B316FA1F2CB2F3009426C8 /* Build configuration list for PBXNativeTarget "iShoddyTests" */;
			buildPhases = (
				FDE9E12E963FB0AC6E3E9781 /* [CP] Check Pods Manifest.lock */,
				88B316EA1F2CB2F3009426C8 /* Sources */,
				88B316EB1F2CB2F3009426C8 /* Frameworks */,
				88B316EC1F2CB2F3009426C8 /* Resources */,
				767F249CC3643FF35E7B960C /* [CP] Embed Pods Frameworks */,
				6CF01664A57D04DF16E3C1D6 /* [CP] Copy Pods Resources */,
			);
			buildRules = (
			);
			dependencies = (
				88B316F01F2CB2F3009426C8 /* PBXTargetDependency */,
			);
			name = iShoddyTests;
			productName = iShoddyTests;
			productReference = 88B316EE1F2CB2F3009426C8 /* iShoddyTests.xctest */;
			productType = "com.apple.product-type.bundle.unit-test";
		};
/* End PBXNativeTarget section */

/* Begin PBXProject section */
		88B316D21F2CB2F3009426C8 /* Project object */ = {
			isa = PBXProject;
			attributes = {
				LastSwiftUpdateCheck = 0900;
				LastUpgradeCheck = 0900;
				ORGANIZATIONNAME = ESoft;
				TargetAttributes = {
					88B316D91F2CB2F3009426C8 = {
						CreatedOnToolsVersion = 9.0;
						LastSwiftMigration = 0900;
					};
					88B316ED1F2CB2F3009426C8 = {
						CreatedOnToolsVersion = 9.0;
						TestTargetID = 88B316D91F2CB2F3009426C8;
					};
				};
			};
			buildConfigurationList = 88B316D51F2CB2F3009426C8 /* Build configuration list for PBXProject "iShoddy" */;
			compatibilityVersion = "Xcode 8.0";
			developmentRegion = en;
			hasScannedForEncodings = 0;
			knownRegions = (
				en,
				Base,
			);
			mainGroup = 88B316D11F2CB2F3009426C8;
			productRefGroup = 88B316DB1F2CB2F3009426C8 /* Products */;
			projectDirPath = "";
			projectRoot = "";
			targets = (
				88B316D91F2CB2F3009426C8 /* iShoddy */,
				88B316ED1F2CB2F3009426C8 /* iShoddyTests */,
			);
		};
/* End PBXProject section */

/* Begin PBXResourcesBuildPhase section */
		88B316D81F2CB2F3009426C8 /* Resources */ = {
			isa = PBXResourcesBuildPhase;
			buildActionMask = 2147483647;
			files = (
				DF2B07F31F757460001EA47D /* GoldStarFilled.png in Resources */,
				DF2B07F41F757460001EA47D /* GoldStarEmpty.png in Resources */,
				DF2B07F51F757460001EA47D /* empty.png in Resources */,
				8839606A1F81CE0600E56266 /* ImageHeaderView.xib in Resources */,
				DF2B07F61F757460001EA47D /* Default-568h@2x.png in Resources */,
				DF2B07F71F757460001EA47D /* background@2x.png in Resources */,
				DF2B07F81F757460001EA47D /* CameraPhoto.png in Resources */,
				DF2B07F91F757460001EA47D /* electrician.png in Resources */,
				DF2B07FB1F757460001EA47D /* Marker.png in Resources */,
				DF2B07FC1F757460001EA47D /* menu_button.png in Resources */,
				DF2B07FD1F757460001EA47D /* photo_item1.png in Resources */,
				DF2B07FE1F757460001EA47D /* photo_item1@2x.png in Resources */,
				DF2B07FF1F757460001EA47D /* photo_item1@3x.png in Resources */,
				DF2B08001F757460001EA47D /* professional-default.png in Resources */,
				DF2B08011F757460001EA47D /* ProfessionalPannel.png in Resources */,
				DF2B08021F757656001EA47D /* LaunchScreen.storyboard in Resources */,
				DF2B07F01F75740B001EA47D /* menu_button@2x.png in Resources */,
				DF2B07F11F757415001EA47D /* background@3x.png in Resources */,
				DFAB52581F756ACC00487699 /* Assets.xcassets in Resources */,
				DFAB52711F756BD600487699 /* Main.storyboard in Resources */,
				DF2B07F21F757425001EA47D /* menu_button@3x.png in Resources */,
				5B2767931F65AD8100429DE3 /* Dialog.xib in Resources */,
			);
			runOnlyForDeploymentPostprocessing = 0;
		};
		88B316EC1F2CB2F3009426C8 /* Resources */ = {
			isa = PBXResourcesBuildPhase;
			buildActionMask = 2147483647;
			files = (
			);
			runOnlyForDeploymentPostprocessing = 0;
		};
/* End PBXResourcesBuildPhase section */

/* Begin PBXShellScriptBuildPhase section */
		2A62116025A5B65709D7D4A0 /* [CP] Check Pods Manifest.lock */ = {
			isa = PBXShellScriptBuildPhase;
			buildActionMask = 2147483647;
			files = (
			);
			inputPaths = (
				"${PODS_PODFILE_DIR_PATH}/Podfile.lock",
				"${PODS_ROOT}/Manifest.lock",
			);
			name = "[CP] Check Pods Manifest.lock";
			outputPaths = (
				"$(DERIVED_FILE_DIR)/Pods-iShoddy-checkManifestLockResult.txt",
			);
			runOnlyForDeploymentPostprocessing = 0;
			shellPath = /bin/sh;
			shellScript = "diff \"${PODS_PODFILE_DIR_PATH}/Podfile.lock\" \"${PODS_ROOT}/Manifest.lock\" > /dev/null\nif [ $? != 0 ] ; then\n    # print error to STDERR\n    echo \"error: The sandbox is not in sync with the Podfile.lock. Run 'pod install' or update your CocoaPods installation.\" >&2\n    exit 1\nfi\n# This output is used by Xcode 'outputs' to avoid re-running this script phase.\necho \"SUCCESS\" > \"${SCRIPT_OUTPUT_FILE_0}\"\n";
			showEnvVarsInLog = 0;
		};
		6CF01664A57D04DF16E3C1D6 /* [CP] Copy Pods Resources */ = {
			isa = PBXShellScriptBuildPhase;
			buildActionMask = 2147483647;
			files = (
			);
			inputPaths = (
			);
			name = "[CP] Copy Pods Resources";
			outputPaths = (
			);
			runOnlyForDeploymentPostprocessing = 0;
			shellPath = /bin/sh;
			shellScript = "\"${SRCROOT}/Pods/Target Support Files/Pods-iShoddyTests/Pods-iShoddyTests-resources.sh\"\n";
			showEnvVarsInLog = 0;
		};
		767F249CC3643FF35E7B960C /* [CP] Embed Pods Frameworks */ = {
			isa = PBXShellScriptBuildPhase;
			buildActionMask = 2147483647;
			files = (
			);
			inputPaths = (
			);
			name = "[CP] Embed Pods Frameworks";
			outputPaths = (
			);
			runOnlyForDeploymentPostprocessing = 0;
			shellPath = /bin/sh;
			shellScript = "\"${SRCROOT}/Pods/Target Support Files/Pods-iShoddyTests/Pods-iShoddyTests-frameworks.sh\"\n";
			showEnvVarsInLog = 0;
		};
		D3D321B30D807A617EBB30B8 /* [CP] Embed Pods Frameworks */ = {
			isa = PBXShellScriptBuildPhase;
			buildActionMask = 2147483647;
			files = (
			);
			inputPaths = (
				"${SRCROOT}/Pods/Target Support Files/Pods-iShoddy/Pods-iShoddy-frameworks.sh",
				"${BUILT_PRODUCTS_DIR}/Alamofire/Alamofire.framework",
				"${BUILT_PRODUCTS_DIR}/Cosmos/Cosmos.framework",
				"${BUILT_PRODUCTS_DIR}/SlideMenuControllerSwift/SlideMenuControllerSwift.framework",
			);
			name = "[CP] Embed Pods Frameworks";
			outputPaths = (
				"${TARGET_BUILD_DIR}/${FRAMEWORKS_FOLDER_PATH}/Alamofire.framework",
				"${TARGET_BUILD_DIR}/${FRAMEWORKS_FOLDER_PATH}/Cosmos.framework",
				"${TARGET_BUILD_DIR}/${FRAMEWORKS_FOLDER_PATH}/SlideMenuControllerSwift.framework",
			);
			runOnlyForDeploymentPostprocessing = 0;
			shellPath = /bin/sh;
			shellScript = "\"${SRCROOT}/Pods/Target Support Files/Pods-iShoddy/Pods-iShoddy-frameworks.sh\"\n";
			showEnvVarsInLog = 0;
		};
		EF517D7A268B9690CF033D7E /* [CP] Copy Pods Resources */ = {
			isa = PBXShellScriptBuildPhase;
			buildActionMask = 2147483647;
			files = (
			);
			inputPaths = (
			);
			name = "[CP] Copy Pods Resources";
			outputPaths = (
			);
			runOnlyForDeploymentPostprocessing = 0;
			shellPath = /bin/sh;
			shellScript = "\"${SRCROOT}/Pods/Target Support Files/Pods-iShoddy/Pods-iShoddy-resources.sh\"\n";
			showEnvVarsInLog = 0;
		};
		FDE9E12E963FB0AC6E3E9781 /* [CP] Check Pods Manifest.lock */ = {
			isa = PBXShellScriptBuildPhase;
			buildActionMask = 2147483647;
			files = (
			);
			inputPaths = (
				"${PODS_PODFILE_DIR_PATH}/Podfile.lock",
				"${PODS_ROOT}/Manifest.lock",
			);
			name = "[CP] Check Pods Manifest.lock";
			outputPaths = (
				"$(DERIVED_FILE_DIR)/Pods-iShoddyTests-checkManifestLockResult.txt",
			);
			runOnlyForDeploymentPostprocessing = 0;
			shellPath = /bin/sh;
			shellScript = "diff \"${PODS_PODFILE_DIR_PATH}/Podfile.lock\" \"${PODS_ROOT}/Manifest.lock\" > /dev/null\nif [ $? != 0 ] ; then\n    # print error to STDERR\n    echo \"error: The sandbox is not in sync with the Podfile.lock. Run 'pod install' or update your CocoaPods installation.\" >&2\n    exit 1\nfi\n# This output is used by Xcode 'outputs' to avoid re-running this script phase.\necho \"SUCCESS\" > \"${SCRIPT_OUTPUT_FILE_0}\"\n";
			showEnvVarsInLog = 0;
		};
/* End PBXShellScriptBuildPhase section */

/* Begin PBXSourcesBuildPhase section */
		88B316D61F2CB2F3009426C8 /* Sources */ = {
			isa = PBXSourcesBuildPhase;
			buildActionMask = 2147483647;
			files = (
				DFAB526E1F756BBD00487699 /* ProfessionalCell.swift in Sources */,
				5B2767951F65ADCC00429DE3 /* Dialog.swift in Sources */,
				DF2B08061F7576BD001EA47D /* UIViewController+Utils.swift in Sources */,
				8898FAC31F7C7BF900E92F16 /* TableViewExtension.swift in Sources */,
				8898FAC71F7C8AD600E92F16 /* UIView.swift in Sources */,
				5BFE52631F6D1A2000AD706F /* PersistCategoriesCoreDataImpl.swift in Sources */,
				8898FABE1F7C71C200E92F16 /* BaseTableViewCell.swift in Sources */,
				DF72FACD1F840C8800715DCB /* ErrorDataResponseType.swift in Sources */,
				DFAB525A1F756AFE00487699 /* ProfessionalsController.swift in Sources */,
				DF5C7C291F756713009DA768 /* AsyncData.swift in Sources */,
				5B85EF581F6D39B10044AE89 /* GetAllCategoriesInteractorCoreDataImpl.swift in Sources */,
				5BA56AE51F61C12000F837EB /* GetAllCategoriesInteractor.swift in Sources */,
				DFAB527B1F756C1000487699 /* ListProfessionalsOutputType.swift in Sources */,
				5BFE00D71F686FBE00551609 /* GetFileFromServerManager.swift in Sources */,
				DFAB52611F756B7A00487699 /* GetProfessionalsNetworkManagerImpl.swift in Sources */,
				5B4FB3C51F63F7D2007EE813 /* ListCategoriesOutputType.swift in Sources */,
				5BFE525F1F6D175000AD706F /* SubCategoryData+ManagedObjectType.swift in Sources */,
				DFAB52791F756C1000487699 /* Professional.swift in Sources */,
				5BB031AE1F606BCE0006257B /* CategoryViewController.swift in Sources */,
				88F48C3F1F7A7DF30098D342 /* LeftViewController.swift in Sources */,
				5BFE52611F6D1A0400AD706F /* SaveCategoriesInteractorImpl.swift in Sources */,
				DFAB52651F756B9700487699 /* GetProfessionalInteractor.swift in Sources */,
				5BA56AEC1F61C61400F837EB /* GetAllCategoriesNetworkManagerImpl.swift in Sources */,
				DF5C7C0A1F7564E3009DA768 /* BaseModel.swift in Sources */,
				88DE57941F8BF0C800CEA83C /* AuthService.swift in Sources */,
				DFAB52591F756AFA00487699 /* ProfessionalDetailController.swift in Sources */,
				5BFE52591F6D0EC400AD706F /* NSManagedObjectContext.swift in Sources */,
				5BFE52651F6D1C6500AD706F /* PersistCategoriesCoreData.swift in Sources */,
				DFAB525F1F756B7800487699 /* GetProfessionalsNetworkManager.swift in Sources */,
				5BA56AE71F61C17300F837EB /* GetAllCategoriesInteractorImpl.swift in Sources */,
				DF72FACF1F840C9C00715DCB /* ErrorDataOutputType.swift in Sources */,
				DFAB52741F756BDE00487699 /* Constants.swift in Sources */,
				5BFE525D1F6D174100AD706F /* CategoryData+ManagedObjectType.swift in Sources */,
				5BA56AEE1F61CE5B00F837EB /* GetAllCategoriesManager.swift in Sources */,
				883960681F81B3EA00E56266 /* UIViewController.swift in Sources */,
				5B3DE2CA1F67163C002CFFF3 /* EmptySegue.m in Sources */,
				8898FAC51F7C7D4200E92F16 /* ImageHeaderView.swift in Sources */,
				DFAB527A1F756C1000487699 /* ListProfessionalsResponseType.swift in Sources */,
				DFAB526D1F756BBD00487699 /* ActivityIndicator.swift in Sources */,
				DF72FAD21F840CB900715DCB /* PaginationData.swift in Sources */,
				883FD7501F7D150C004F259C /* ExSlideMenuController.swift in Sources */,
				5B350AA51F6546FC00B4DBEE /* NetworkManager.swift in Sources */,
				5B85EF5A1F6D3AA10044AE89 /* GetAllCategoriesCoreDataManagerImpl.swift in Sources */,
				DF72FAD41F840CCB00715DCB /* PaginationDataResponseType.swift in Sources */,
				8898FABB1F7C6CCF00E92F16 /* RegisterAsClientViewController.swift in Sources */,
				DFAB525B1F756B0100487699 /* ProfessionalsController+UICollectionView.swift in Sources */,
				DF72FAC41F840C2900715DCB /* CategoryProfessionalList.swift in Sources */,
				5B4FB3C71F63F857007EE813 /* SubCategory.swift in Sources */,
				DF72FAD71F840CEC00715DCB /* PaginationDataOutputType.swift in Sources */,
				5B4FB3CC1F640889007EE813 /* HeaderData.swift in Sources */,
				DF72FAC91F840C5700715DCB /* ErrorData.swift in Sources */,
				5B350AA71F654D0C00B4DBEE /* DomainUrl.swift in Sources */,
				5B756A821F6D07BB0039ABA2 /* CoreDataManager.swift in Sources */,
				88A92E881F83DBE1008CF0E8 /* UITextField.swift in Sources */,
				8898FAC11F7C727C00E92F16 /* StringExtension.swift in Sources */,
				5B4FB3D21F640A6A007EE813 /* ListCategoriesResponseType.swift in Sources */,
				883960671F81B3EA00E56266 /* UIApplication.swift in Sources */,
				5B6775A31F6D939B007A411E /* iShoddyModel.xcdatamodeld in Sources */,
				5BFE525B1F6D104400AD706F /* ManagedObjectType.swift in Sources */,
				882C33521F9EC68E00A154D3 /* CircleImage.swift in Sources */,
				5B85EF5C1F6D8B2C0044AE89 /* CheckCacheInteractor.swift in Sources */,
				88B316DE1F2CB2F3009426C8 /* AppDelegate.swift in Sources */,
				5BB031B11F606F090006257B /* CategoryCell.swift in Sources */,
				5BFE52571F6D0E4200AD706F /* ManagedObject.swift in Sources */,
				5BFE52671F6D1CDA00AD706F /* SaveCategoriesInteractor.swift in Sources */,
				5B16BAD81F684E50004ACB7F /* GetImageFilesInteractor.swift in Sources */,
				DFAB52661F756B9700487699 /* GetProfessionalInteractorImpl.swift in Sources */,
				5B85EF5E1F6D8B5B0044AE89 /* CheckCacheFakeInteractorImpl.swift in Sources */,
				DF72FAC21F840B9300715DCB /* ProfessionalsController-CLLocationManager.swift in Sources */,
				5BA56AEA1F61C27000F837EB /* Category.swift in Sources */,
			);
			runOnlyForDeploymentPostprocessing = 0;
		};
		88B316EA1F2CB2F3009426C8 /* Sources */ = {
			isa = PBXSourcesBuildPhase;
			buildActionMask = 2147483647;
			files = (
				88B316F31F2CB2F3009426C8 /* iShoddyTests.swift in Sources */,
			);
			runOnlyForDeploymentPostprocessing = 0;
		};
/* End PBXSourcesBuildPhase section */

/* Begin PBXTargetDependency section */
		88B316F01F2CB2F3009426C8 /* PBXTargetDependency */ = {
			isa = PBXTargetDependency;
			target = 88B316D91F2CB2F3009426C8 /* iShoddy */;
			targetProxy = 88B316EF1F2CB2F3009426C8 /* PBXContainerItemProxy */;
		};
/* End PBXTargetDependency section */

/* Begin PBXVariantGroup section */
		DF2B08041F757656001EA47D /* LaunchScreen.storyboard */ = {
			isa = PBXVariantGroup;
			children = (
				DF2B08031F757656001EA47D /* Base */,
			);
			name = LaunchScreen.storyboard;
			sourceTree = "<group>";
		};
/* End PBXVariantGroup section */

/* Begin XCBuildConfiguration section */
		88B316F51F2CB2F3009426C8 /* Debug */ = {
			isa = XCBuildConfiguration;
			buildSettings = {
				ALWAYS_SEARCH_USER_PATHS = NO;
				CLANG_ANALYZER_NONNULL = YES;
				CLANG_ANALYZER_NUMBER_OBJECT_CONVERSION = YES_AGGRESSIVE;
				CLANG_CXX_LANGUAGE_STANDARD = "gnu++14";
				CLANG_CXX_LIBRARY = "libc++";
				CLANG_ENABLE_MODULES = YES;
				CLANG_ENABLE_OBJC_ARC = YES;
				CLANG_WARN_BLOCK_CAPTURE_AUTORELEASING = YES;
				CLANG_WARN_BOOL_CONVERSION = YES;
				CLANG_WARN_COMMA = YES;
				CLANG_WARN_CONSTANT_CONVERSION = YES;
				CLANG_WARN_DIRECT_OBJC_ISA_USAGE = YES_ERROR;
				CLANG_WARN_DOCUMENTATION_COMMENTS = YES;
				CLANG_WARN_EMPTY_BODY = YES;
				CLANG_WARN_ENUM_CONVERSION = YES;
				CLANG_WARN_INFINITE_RECURSION = YES;
				CLANG_WARN_INT_CONVERSION = YES;
				CLANG_WARN_NON_LITERAL_NULL_CONVERSION = YES;
				CLANG_WARN_OBJC_LITERAL_CONVERSION = YES;
				CLANG_WARN_OBJC_ROOT_CLASS = YES_ERROR;
				CLANG_WARN_RANGE_LOOP_ANALYSIS = YES;
				CLANG_WARN_STRICT_PROTOTYPES = YES;
				CLANG_WARN_SUSPICIOUS_MOVE = YES;
				CLANG_WARN_UNGUARDED_AVAILABILITY = YES_AGGRESSIVE;
				CLANG_WARN_UNREACHABLE_CODE = YES;
				CLANG_WARN__DUPLICATE_METHOD_MATCH = YES;
				CODE_SIGN_IDENTITY = "iPhone Developer";
				COPY_PHASE_STRIP = NO;
				DEBUG_INFORMATION_FORMAT = dwarf;
				ENABLE_STRICT_OBJC_MSGSEND = YES;
				ENABLE_TESTABILITY = YES;
				GCC_C_LANGUAGE_STANDARD = gnu11;
				GCC_DYNAMIC_NO_PIC = NO;
				GCC_NO_COMMON_BLOCKS = YES;
				GCC_OPTIMIZATION_LEVEL = 0;
				GCC_PREPROCESSOR_DEFINITIONS = (
					"DEBUG=1",
					"$(inherited)",
				);
				GCC_WARN_64_TO_32_BIT_CONVERSION = YES;
				GCC_WARN_ABOUT_RETURN_TYPE = YES_ERROR;
				GCC_WARN_UNDECLARED_SELECTOR = YES;
				GCC_WARN_UNINITIALIZED_AUTOS = YES_AGGRESSIVE;
				GCC_WARN_UNUSED_FUNCTION = YES;
				GCC_WARN_UNUSED_VARIABLE = YES;
				IPHONEOS_DEPLOYMENT_TARGET = 11.0;
				MTL_ENABLE_DEBUG_INFO = YES;
				ONLY_ACTIVE_ARCH = YES;
				SDKROOT = iphoneos;
				SWIFT_ACTIVE_COMPILATION_CONDITIONS = DEBUG;
				SWIFT_OPTIMIZATION_LEVEL = "-Onone";
			};
			name = Debug;
		};
		88B316F61F2CB2F3009426C8 /* Release */ = {
			isa = XCBuildConfiguration;
			buildSettings = {
				ALWAYS_SEARCH_USER_PATHS = NO;
				CLANG_ANALYZER_NONNULL = YES;
				CLANG_ANALYZER_NUMBER_OBJECT_CONVERSION = YES_AGGRESSIVE;
				CLANG_CXX_LANGUAGE_STANDARD = "gnu++14";
				CLANG_CXX_LIBRARY = "libc++";
				CLANG_ENABLE_MODULES = YES;
				CLANG_ENABLE_OBJC_ARC = YES;
				CLANG_WARN_BLOCK_CAPTURE_AUTORELEASING = YES;
				CLANG_WARN_BOOL_CONVERSION = YES;
				CLANG_WARN_COMMA = YES;
				CLANG_WARN_CONSTANT_CONVERSION = YES;
				CLANG_WARN_DIRECT_OBJC_ISA_USAGE = YES_ERROR;
				CLANG_WARN_DOCUMENTATION_COMMENTS = YES;
				CLANG_WARN_EMPTY_BODY = YES;
				CLANG_WARN_ENUM_CONVERSION = YES;
				CLANG_WARN_INFINITE_RECURSION = YES;
				CLANG_WARN_INT_CONVERSION = YES;
				CLANG_WARN_NON_LITERAL_NULL_CONVERSION = YES;
				CLANG_WARN_OBJC_LITERAL_CONVERSION = YES;
				CLANG_WARN_OBJC_ROOT_CLASS = YES_ERROR;
				CLANG_WARN_RANGE_LOOP_ANALYSIS = YES;
				CLANG_WARN_STRICT_PROTOTYPES = YES;
				CLANG_WARN_SUSPICIOUS_MOVE = YES;
				CLANG_WARN_UNGUARDED_AVAILABILITY = YES_AGGRESSIVE;
				CLANG_WARN_UNREACHABLE_CODE = YES;
				CLANG_WARN__DUPLICATE_METHOD_MATCH = YES;
				CODE_SIGN_IDENTITY = "iPhone Developer";
				COPY_PHASE_STRIP = NO;
				DEBUG_INFORMATION_FORMAT = "dwarf-with-dsym";
				ENABLE_NS_ASSERTIONS = NO;
				ENABLE_STRICT_OBJC_MSGSEND = YES;
				GCC_C_LANGUAGE_STANDARD = gnu11;
				GCC_NO_COMMON_BLOCKS = YES;
				GCC_WARN_64_TO_32_BIT_CONVERSION = YES;
				GCC_WARN_ABOUT_RETURN_TYPE = YES_ERROR;
				GCC_WARN_UNDECLARED_SELECTOR = YES;
				GCC_WARN_UNINITIALIZED_AUTOS = YES_AGGRESSIVE;
				GCC_WARN_UNUSED_FUNCTION = YES;
				GCC_WARN_UNUSED_VARIABLE = YES;
				IPHONEOS_DEPLOYMENT_TARGET = 11.0;
				MTL_ENABLE_DEBUG_INFO = NO;
				SDKROOT = iphoneos;
				SWIFT_OPTIMIZATION_LEVEL = "-Owholemodule";
				VALIDATE_PRODUCT = YES;
			};
			name = Release;
		};
		88B316F81F2CB2F3009426C8 /* Debug */ = {
			isa = XCBuildConfiguration;
			baseConfigurationReference = 2D841D5C38C3ACBED3C3FD0A /* Pods-iShoddy.debug.xcconfig */;
			buildSettings = {
				ASSETCATALOG_COMPILER_APPICON_NAME = AppIcon;
				CLANG_ENABLE_MODULES = YES;
				DEVELOPMENT_TEAM = 69A85A3TC3;
				INFOPLIST_FILE = iShoddy/Info.plist;
				IPHONEOS_DEPLOYMENT_TARGET = 9.0;
				LD_RUNPATH_SEARCH_PATHS = "$(inherited) @executable_path/Frameworks";
				PRODUCT_BUNDLE_IDENTIFIER = com.mazinger.iShoddy;
				PRODUCT_NAME = "$(TARGET_NAME)";
				SWIFT_OBJC_BRIDGING_HEADER = "iShoddy/Controls/iShoddy-Bridging-Header.h";
				SWIFT_OPTIMIZATION_LEVEL = "-Onone";
				SWIFT_VERSION = 4.0;
				TARGETED_DEVICE_FAMILY = 1;
			};
			name = Debug;
		};
		88B316F91F2CB2F3009426C8 /* Release */ = {
			isa = XCBuildConfiguration;
			baseConfigurationReference = 4682DB1658ADD481290B5D53 /* Pods-iShoddy.release.xcconfig */;
			buildSettings = {
				ASSETCATALOG_COMPILER_APPICON_NAME = AppIcon;
				CLANG_ENABLE_MODULES = YES;
				DEVELOPMENT_TEAM = 69A85A3TC3;
				INFOPLIST_FILE = iShoddy/Info.plist;
				IPHONEOS_DEPLOYMENT_TARGET = 9.0;
				LD_RUNPATH_SEARCH_PATHS = "$(inherited) @executable_path/Frameworks";
				PRODUCT_BUNDLE_IDENTIFIER = com.mazinger.iShoddy;
				PRODUCT_NAME = "$(TARGET_NAME)";
				SWIFT_OBJC_BRIDGING_HEADER = "iShoddy/Controls/iShoddy-Bridging-Header.h";
				SWIFT_VERSION = 4.0;
				TARGETED_DEVICE_FAMILY = 1;
			};
			name = Release;
		};
		88B316FB1F2CB2F3009426C8 /* Debug */ = {
			isa = XCBuildConfiguration;
			baseConfigurationReference = A2B4AFAFDE5869AEE36E22FE /* Pods-iShoddyTests.debug.xcconfig */;
			buildSettings = {
				ALWAYS_EMBED_SWIFT_STANDARD_LIBRARIES = YES;
				BUNDLE_LOADER = "$(TEST_HOST)";
				INFOPLIST_FILE = iShoddyTests/Info.plist;
				LD_RUNPATH_SEARCH_PATHS = "$(inherited) @executable_path/Frameworks @loader_path/Frameworks";
				PRODUCT_BUNDLE_IDENTIFIER = com.mazinger.iShoddyTests;
				PRODUCT_NAME = "$(TARGET_NAME)";
				SWIFT_VERSION = 4.0;
				TARGETED_DEVICE_FAMILY = "1,2";
				TEST_HOST = "$(BUILT_PRODUCTS_DIR)/iShoddy.app/iShoddy";
			};
			name = Debug;
		};
		88B316FC1F2CB2F3009426C8 /* Release */ = {
			isa = XCBuildConfiguration;
			baseConfigurationReference = 36562B88D89BB6EF09027EFA /* Pods-iShoddyTests.release.xcconfig */;
			buildSettings = {
				ALWAYS_EMBED_SWIFT_STANDARD_LIBRARIES = YES;
				BUNDLE_LOADER = "$(TEST_HOST)";
				INFOPLIST_FILE = iShoddyTests/Info.plist;
				LD_RUNPATH_SEARCH_PATHS = "$(inherited) @executable_path/Frameworks @loader_path/Frameworks";
				PRODUCT_BUNDLE_IDENTIFIER = com.mazinger.iShoddyTests;
				PRODUCT_NAME = "$(TARGET_NAME)";
				SWIFT_VERSION = 4.0;
				TARGETED_DEVICE_FAMILY = "1,2";
				TEST_HOST = "$(BUILT_PRODUCTS_DIR)/iShoddy.app/iShoddy";
			};
			name = Release;
		};
/* End XCBuildConfiguration section */

/* Begin XCConfigurationList section */
		88B316D51F2CB2F3009426C8 /* Build configuration list for PBXProject "iShoddy" */ = {
			isa = XCConfigurationList;
			buildConfigurations = (
				88B316F51F2CB2F3009426C8 /* Debug */,
				88B316F61F2CB2F3009426C8 /* Release */,
			);
			defaultConfigurationIsVisible = 0;
			defaultConfigurationName = Release;
		};
		88B316F71F2CB2F3009426C8 /* Build configuration list for PBXNativeTarget "iShoddy" */ = {
			isa = XCConfigurationList;
			buildConfigurations = (
				88B316F81F2CB2F3009426C8 /* Debug */,
				88B316F91F2CB2F3009426C8 /* Release */,
			);
			defaultConfigurationIsVisible = 0;
			defaultConfigurationName = Release;
		};
		88B316FA1F2CB2F3009426C8 /* Build configuration list for PBXNativeTarget "iShoddyTests" */ = {
			isa = XCConfigurationList;
			buildConfigurations = (
				88B316FB1F2CB2F3009426C8 /* Debug */,
				88B316FC1F2CB2F3009426C8 /* Release */,
			);
			defaultConfigurationIsVisible = 0;
			defaultConfigurationName = Release;
		};
/* End XCConfigurationList section */

/* Begin XCVersionGroup section */
		5B6775A11F6D939B007A411E /* iShoddyModel.xcdatamodeld */ = {
			isa = XCVersionGroup;
			children = (
				5B6775A21F6D939B007A411E /* iShoddyModel.xcdatamodel */,
			);
			currentVersion = 5B6775A21F6D939B007A411E /* iShoddyModel.xcdatamodel */;
			path = iShoddyModel.xcdatamodeld;
			sourceTree = "<group>";
			versionGroupType = wrapper.xcdatamodel;
		};
/* End XCVersionGroup section */
	};
	rootObject = 88B316D21F2CB2F3009426C8 /* Project object */;
}
